// !$*UTF8*$!
{
	archiveVersion = 1;
	classes = {
	};
	objectVersion = 46;
	objects = {

/* Begin PBXBuildFile section */
		1C144B81154085D500A64BE2 /* Icon-72.png in Resources */ = {isa = PBXBuildFile; fileRef = 1C144B7D154085D500A64BE2 /* Icon-72.png */; };
		1C144B82154085D500A64BE2 /* Icon-Small.png in Resources */ = {isa = PBXBuildFile; fileRef = 1C144B7E154085D500A64BE2 /* Icon-Small.png */; };
		1C144B83154085D500A64BE2 /* Icon.png in Resources */ = {isa = PBXBuildFile; fileRef = 1C144B7F154085D500A64BE2 /* Icon.png */; };
		1C144B84154085D500A64BE2 /* Icon@2x.png in Resources */ = {isa = PBXBuildFile; fileRef = 1C144B80154085D500A64BE2 /* Icon@2x.png */; };
		1C144B871540C8F100A64BE2 /* ipad-button-change-photo-2.png in Resources */ = {isa = PBXBuildFile; fileRef = 1C144B851540C8F100A64BE2 /* ipad-button-change-photo-2.png */; };
		1C144B881540C8F100A64BE2 /* ipad-button-change-photo-2@2x.png in Resources */ = {isa = PBXBuildFile; fileRef = 1C144B861540C8F100A64BE2 /* ipad-button-change-photo-2@2x.png */; };
		1C144B8B1540CCA100A64BE2 /* ipad-button-static.png in Resources */ = {isa = PBXBuildFile; fileRef = 1C144B891540CCA100A64BE2 /* ipad-button-static.png */; };
		1C144B8C1540CCA100A64BE2 /* ipad-button-static@2x.png in Resources */ = {isa = PBXBuildFile; fileRef = 1C144B8A1540CCA100A64BE2 /* ipad-button-static@2x.png */; };
		1C144B8F1540CCB100A64BE2 /* static-button.png in Resources */ = {isa = PBXBuildFile; fileRef = 1C144B8D1540CCB100A64BE2 /* static-button.png */; };
		1C144B901540CCB100A64BE2 /* static-button@2x.png in Resources */ = {isa = PBXBuildFile; fileRef = 1C144B8E1540CCB100A64BE2 /* static-button@2x.png */; };
		1C18534A14FCB64100F86CFB /* grayscale-button.png in Resources */ = {isa = PBXBuildFile; fileRef = 1C18534814FCB64100F86CFB /* grayscale-button.png */; };
		1C352FEC152BFC0800A95B29 /* edges-button.png in Resources */ = {isa = PBXBuildFile; fileRef = 1C352FEA152BFC0800A95B29 /* edges-button.png */; };
		1C352FED152BFC0800A95B29 /* gradient-magnitude-button.png in Resources */ = {isa = PBXBuildFile; fileRef = 1C352FEB152BFC0800A95B29 /* gradient-magnitude-button.png */; };
		1C352FF1152BFCF000A95B29 /* blur-button.png in Resources */ = {isa = PBXBuildFile; fileRef = 1C352FEF152BFCF000A95B29 /* blur-button.png */; };
		1C352FF2152BFCF000A95B29 /* sharpen-button.png in Resources */ = {isa = PBXBuildFile; fileRef = 1C352FF0152BFCF000A95B29 /* sharpen-button.png */; };
		1C3D989A1532CFDB00A7CA8A /* button-demo.png in Resources */ = {isa = PBXBuildFile; fileRef = 1C3D98981532CFDB00A7CA8A /* button-demo.png */; };
		1C3D989B1532CFDB00A7CA8A /* button-demo@2x.png in Resources */ = {isa = PBXBuildFile; fileRef = 1C3D98991532CFDB00A7CA8A /* button-demo@2x.png */; };
		1C3D98AA1534805200A7CA8A /* blur-button@2x.png in Resources */ = {isa = PBXBuildFile; fileRef = 1C3D98A21534805200A7CA8A /* blur-button@2x.png */; };
		1C3D98AB1534805200A7CA8A /* brightness-button@2x.png in Resources */ = {isa = PBXBuildFile; fileRef = 1C3D98A31534805200A7CA8A /* brightness-button@2x.png */; };
		1C3D98AC1534805200A7CA8A /* contrast-button@2x.png in Resources */ = {isa = PBXBuildFile; fileRef = 1C3D98A41534805200A7CA8A /* contrast-button@2x.png */; };
		1C3D98AD1534805200A7CA8A /* edges-button@2x.png in Resources */ = {isa = PBXBuildFile; fileRef = 1C3D98A51534805200A7CA8A /* edges-button@2x.png */; };
		1C3D98AF1534805200A7CA8A /* gamma-button@2x.png in Resources */ = {isa = PBXBuildFile; fileRef = 1C3D98A71534805200A7CA8A /* gamma-button@2x.png */; };
		1C3D98B01534805200A7CA8A /* gradient-magnitude-button@2x.png in Resources */ = {isa = PBXBuildFile; fileRef = 1C3D98A81534805200A7CA8A /* gradient-magnitude-button@2x.png */; };
		1C3D98B11534805200A7CA8A /* invert-button@2x.png in Resources */ = {isa = PBXBuildFile; fileRef = 1C3D98A91534805200A7CA8A /* invert-button@2x.png */; };
		1C3D98B4153480C300A7CA8A /* sharpen-button@2x.png in Resources */ = {isa = PBXBuildFile; fileRef = 1C3D98B2153480C300A7CA8A /* sharpen-button@2x.png */; };
		1C3D98B5153480C300A7CA8A /* threshold-button@2x.png in Resources */ = {isa = PBXBuildFile; fileRef = 1C3D98B3153480C300A7CA8A /* threshold-button@2x.png */; };
		1C6BE22D153E20520064D7F5 /* .directory in Resources */ = {isa = PBXBuildFile; fileRef = 1C6BE21A153E20520064D7F5 /* .directory */; };
		1C6BE22F153E20520064D7F5 /* ImProc_Base.c in Sources */ = {isa = PBXBuildFile; fileRef = 1C6BE21C153E20520064D7F5 /* ImProc_Base.c */; };
		1C6BE230153E20520064D7F5 /* ImProc_Color.c in Sources */ = {isa = PBXBuildFile; fileRef = 1C6BE21E153E20520064D7F5 /* ImProc_Color.c */; };
		1C6BE231153E20520064D7F5 /* ImProc_Convolve.c in Sources */ = {isa = PBXBuildFile; fileRef = 1C6BE220153E20520064D7F5 /* ImProc_Convolve.c */; };
		1C6BE232153E20520064D7F5 /* ImProc_Edges.c in Sources */ = {isa = PBXBuildFile; fileRef = 1C6BE222153E20520064D7F5 /* ImProc_Edges.c */; };
		1C6BE233153E20520064D7F5 /* ImProc_Effects.c in Sources */ = {isa = PBXBuildFile; fileRef = 1C6BE224153E20520064D7F5 /* ImProc_Effects.c */; };
		1C6BE234153E20520064D7F5 /* ImProc_Filters.c in Sources */ = {isa = PBXBuildFile; fileRef = 1C6BE226153E20520064D7F5 /* ImProc_Filters.c */; };
		1C6BE235153E20520064D7F5 /* ImProc_Histogram.c in Sources */ = {isa = PBXBuildFile; fileRef = 1C6BE228153E20520064D7F5 /* ImProc_Histogram.c */; };
		1C6BE236153E20520064D7F5 /* ImProc_Utils.c in Sources */ = {isa = PBXBuildFile; fileRef = 1C6BE22A153E20520064D7F5 /* ImProc_Utils.c */; };
		1C6BE244153E4BD60064D7F5 /* noise-reduction-button.png in Resources */ = {isa = PBXBuildFile; fileRef = 1C6BE238153E4BD60064D7F5 /* noise-reduction-button.png */; };
		1C6BE245153E4BD60064D7F5 /* noise-reduction-button@2x.png in Resources */ = {isa = PBXBuildFile; fileRef = 1C6BE239153E4BD60064D7F5 /* noise-reduction-button@2x.png */; };
		1C6BE246153E4BD60064D7F5 /* dilate-button.png in Resources */ = {isa = PBXBuildFile; fileRef = 1C6BE23A153E4BD60064D7F5 /* dilate-button.png */; };
		1C6BE247153E4BD60064D7F5 /* dilate-button@2x.png in Resources */ = {isa = PBXBuildFile; fileRef = 1C6BE23B153E4BD60064D7F5 /* dilate-button@2x.png */; };
		1C6BE248153E4BD60064D7F5 /* erode-button.png in Resources */ = {isa = PBXBuildFile; fileRef = 1C6BE23C153E4BD60064D7F5 /* erode-button.png */; };
		1C6BE249153E4BD60064D7F5 /* erode-button@2x.png in Resources */ = {isa = PBXBuildFile; fileRef = 1C6BE23D153E4BD60064D7F5 /* erode-button@2x.png */; };
		1C6BE24C153E4BD60064D7F5 /* posterize-button.png in Resources */ = {isa = PBXBuildFile; fileRef = 1C6BE240153E4BD60064D7F5 /* posterize-button.png */; };
		1C6BE24D153E4BD60064D7F5 /* posterize-button@2x.png in Resources */ = {isa = PBXBuildFile; fileRef = 1C6BE241153E4BD60064D7F5 /* posterize-button@2x.png */; };
		1C6BE24E153E4BD60064D7F5 /* cartoon-button.png in Resources */ = {isa = PBXBuildFile; fileRef = 1C6BE242153E4BD60064D7F5 /* cartoon-button.png */; };
		1C6BE24F153E4BD60064D7F5 /* cartoon-button@2x.png in Resources */ = {isa = PBXBuildFile; fileRef = 1C6BE243153E4BD60064D7F5 /* cartoon-button@2x.png */; };
		1C6BE252153E4D0E0064D7F5 /* sobel-button.png in Resources */ = {isa = PBXBuildFile; fileRef = 1C6BE250153E4D0E0064D7F5 /* sobel-button.png */; };
		1C6BE253153E4D0E0064D7F5 /* sobel-button@2x.png in Resources */ = {isa = PBXBuildFile; fileRef = 1C6BE251153E4D0E0064D7F5 /* sobel-button@2x.png */; };
		1C71E0671517EBA000211D8A /* ToDo.txt in Resources */ = {isa = PBXBuildFile; fileRef = 1C71E0661517EB9F00211D8A /* ToDo.txt */; };
		1C71E06B1517FE1F00211D8A /* contrast-button.png in Resources */ = {isa = PBXBuildFile; fileRef = 1C71E06A1517FE1F00211D8A /* contrast-button.png */; };
		1C71E06D1517FEEE00211D8A /* brightness-button.png in Resources */ = {isa = PBXBuildFile; fileRef = 1C71E06C1517FEEE00211D8A /* brightness-button.png */; };
		1C71E06F1517FFBD00211D8A /* threshold-button.png in Resources */ = {isa = PBXBuildFile; fileRef = 1C71E06E1517FFBD00211D8A /* threshold-button.png */; };
		1C71E0711518006C00211D8A /* gamma-button.png in Resources */ = {isa = PBXBuildFile; fileRef = 1C71E0701518006C00211D8A /* gamma-button.png */; };
		1C71E07F15184B1D00211D8A /* AVFoundation.framework in Frameworks */ = {isa = PBXBuildFile; fileRef = 1C71E07E15184B1D00211D8A /* AVFoundation.framework */; };
		1C71E08115184B4B00211D8A /* AssetsLibrary.framework in Frameworks */ = {isa = PBXBuildFile; fileRef = 1C71E08015184B4B00211D8A /* AssetsLibrary.framework */; };
		1C71E08315184B5900211D8A /* ImageIO.framework in Frameworks */ = {isa = PBXBuildFile; fileRef = 1C71E08215184B5900211D8A /* ImageIO.framework */; };
		1C71E08515184B6100211D8A /* QuartzCore.framework in Frameworks */ = {isa = PBXBuildFile; fileRef = 1C71E08415184B6000211D8A /* QuartzCore.framework */; };
		1C71E08715184B6A00211D8A /* MediaPlayer.framework in Frameworks */ = {isa = PBXBuildFile; fileRef = 1C71E08615184B6A00211D8A /* MediaPlayer.framework */; };
		1C71E08915184B7800211D8A /* CoreMedia.framework in Frameworks */ = {isa = PBXBuildFile; fileRef = 1C71E08815184B7700211D8A /* CoreMedia.framework */; };
		1C71E08B15184B7E00211D8A /* CoreVideo.framework in Frameworks */ = {isa = PBXBuildFile; fileRef = 1C71E08A15184B7D00211D8A /* CoreVideo.framework */; };
		1C71E08E15190F6900211D8A /* OFLiveVideoHandler.m in Sources */ = {isa = PBXBuildFile; fileRef = 1C71E08D15190F6900211D8A /* OFLiveVideoHandler.m */; };
		1C73632A1548B14100DA1E46 /* OFInstructionImagesView.m in Sources */ = {isa = PBXBuildFile; fileRef = 1C7363291548B14100DA1E46 /* OFInstructionImagesView.m */; };
		1C73632F1548C14500DA1E46 /* instruction_overlay_ipad.png in Resources */ = {isa = PBXBuildFile; fileRef = 1C73632D1548C14500DA1E46 /* instruction_overlay_ipad.png */; };
		1C7363301548C14500DA1E46 /* instruction_overlay_ipad@2x.png in Resources */ = {isa = PBXBuildFile; fileRef = 1C73632E1548C14500DA1E46 /* instruction_overlay_ipad@2x.png */; };
		1C7363331549437F00DA1E46 /* instruction_overlay_iphone.png in Resources */ = {isa = PBXBuildFile; fileRef = 1C7363311549437F00DA1E46 /* instruction_overlay_iphone.png */; };
		1C7363341549437F00DA1E46 /* instruction_overlay_iphone@2x.png in Resources */ = {isa = PBXBuildFile; fileRef = 1C7363321549437F00DA1E46 /* instruction_overlay_iphone@2x.png */; };
		1C73F1FE14F6015900DD1DA4 /* OFPhotoView.m in Sources */ = {isa = PBXBuildFile; fileRef = 1C73F1FD14F6015900DD1DA4 /* OFPhotoView.m */; };
		1C73F20B14F7393600DD1DA4 /* Constants.m in Sources */ = {isa = PBXBuildFile; fileRef = 1C73F20A14F7393600DD1DA4 /* Constants.m */; };
		1C73F20E14F835D500DD1DA4 /* OFHelperFunctions.m in Sources */ = {isa = PBXBuildFile; fileRef = 1C73F20D14F835D500DD1DA4 /* OFHelperFunctions.m */; };
		1C8AC4F8154750DF006857B7 /* ImageConverter.m in Sources */ = {isa = PBXBuildFile; fileRef = 1C8AC4F7154750DF006857B7 /* ImageConverter.m */; };
		1C9614BB1502D8CD00AFFF9A /* invert-button.png in Resources */ = {isa = PBXBuildFile; fileRef = 1C9614B91502D8CD00AFFF9A /* invert-button.png */; };
		1C99998B14D8CA9C00451D60 /* UIKit.framework in Frameworks */ = {isa = PBXBuildFile; fileRef = 1C99998A14D8CA9C00451D60 /* UIKit.framework */; };
		1C99998D14D8CA9C00451D60 /* Foundation.framework in Frameworks */ = {isa = PBXBuildFile; fileRef = 1C99998C14D8CA9C00451D60 /* Foundation.framework */; };
		1C99998F14D8CA9C00451D60 /* CoreGraphics.framework in Frameworks */ = {isa = PBXBuildFile; fileRef = 1C99998E14D8CA9C00451D60 /* CoreGraphics.framework */; };
		1C99999514D8CA9C00451D60 /* InfoPlist.strings in Resources */ = {isa = PBXBuildFile; fileRef = 1C99999314D8CA9C00451D60 /* InfoPlist.strings */; };
		1C99999714D8CA9C00451D60 /* main.m in Sources */ = {isa = PBXBuildFile; fileRef = 1C99999614D8CA9C00451D60 /* main.m */; };
		1C99999B14D8CA9C00451D60 /* OFAppDelegate.m in Sources */ = {isa = PBXBuildFile; fileRef = 1C99999A14D8CA9C00451D60 /* OFAppDelegate.m */; };
		1C9999A314D8CB9800451D60 /* OFMainViewController.m in Sources */ = {isa = PBXBuildFile; fileRef = 1C9999A214D8CB9800451D60 /* OFMainViewController.m */; };
		1CA0C519153FE1950095D617 /* ipad-button-demo.png in Resources */ = {isa = PBXBuildFile; fileRef = 1CA0C517153FE1950095D617 /* ipad-button-demo.png */; };
		1CA0C51A153FE1950095D617 /* ipad-button-demo@2x.png in Resources */ = {isa = PBXBuildFile; fileRef = 1CA0C518153FE1950095D617 /* ipad-button-demo@2x.png */; };
		1CA0C522153FF6430095D617 /* toms.png in Resources */ = {isa = PBXBuildFile; fileRef = 1CA0C51E153FF6430095D617 /* toms.png */; };
		1CA0C523153FF6430095D617 /* toms@2x.png in Resources */ = {isa = PBXBuildFile; fileRef = 1CA0C51F153FF6430095D617 /* toms@2x.png */; };
		1CA0C52E153FFB3D0095D617 /* typography@2x.png in Resources */ = {isa = PBXBuildFile; fileRef = 1CA0C524153FFB3C0095D617 /* typography@2x.png */; };
		1CA0C52F153FFB3D0095D617 /* typography.png in Resources */ = {isa = PBXBuildFile; fileRef = 1CA0C525153FFB3D0095D617 /* typography.png */; };
		1CA0C532153FFB3D0095D617 /* rally-2.png in Resources */ = {isa = PBXBuildFile; fileRef = 1CA0C528153FFB3D0095D617 /* rally-2.png */; };
		1CA0C533153FFB3D0095D617 /* rally-2@2x.png in Resources */ = {isa = PBXBuildFile; fileRef = 1CA0C529153FFB3D0095D617 /* rally-2@2x.png */; };
		1CA0C534153FFB3D0095D617 /* rally.png in Resources */ = {isa = PBXBuildFile; fileRef = 1CA0C52A153FFB3D0095D617 /* rally.png */; };
		1CA0C535153FFB3D0095D617 /* rally@2x.png in Resources */ = {isa = PBXBuildFile; fileRef = 1CA0C52B153FFB3D0095D617 /* rally@2x.png */; };
		1CA0C536153FFB3D0095D617 /* fruit.png in Resources */ = {isa = PBXBuildFile; fileRef = 1CA0C52C153FFB3D0095D617 /* fruit.png */; };
		1CA0C537153FFB3D0095D617 /* fruit@2x.png in Resources */ = {isa = PBXBuildFile; fileRef = 1CA0C52D153FFB3D0095D617 /* fruit@2x.png */; };
		1CA0C5461540049A0095D617 /* jupiter.png in Resources */ = {isa = PBXBuildFile; fileRef = 1CA0C5441540049A0095D617 /* jupiter.png */; };
		1CA0C5471540049A0095D617 /* jupiter@2x.png in Resources */ = {isa = PBXBuildFile; fileRef = 1CA0C5451540049A0095D617 /* jupiter@2x.png */; };
		1CA0C54A154005A90095D617 /* dog-frisbee.png in Resources */ = {isa = PBXBuildFile; fileRef = 1CA0C548154005A90095D617 /* dog-frisbee.png */; };
		1CA0C54B154005A90095D617 /* dog-frisbee@2x.png in Resources */ = {isa = PBXBuildFile; fileRef = 1CA0C549154005A90095D617 /* dog-frisbee@2x.png */; };
		1CA0C54E154008860095D617 /* ipad-button-invert.png in Resources */ = {isa = PBXBuildFile; fileRef = 1CA0C54C154008860095D617 /* ipad-button-invert.png */; };
		1CA0C54F154008860095D617 /* ipad-button-invert@2x.png in Resources */ = {isa = PBXBuildFile; fileRef = 1CA0C54D154008860095D617 /* ipad-button-invert@2x.png */; };
		1CA0C55215400A700095D617 /* ipad-button-contrast.png in Resources */ = {isa = PBXBuildFile; fileRef = 1CA0C55015400A700095D617 /* ipad-button-contrast.png */; };
		1CA0C55315400A700095D617 /* ipad-button-contrast@2x.png in Resources */ = {isa = PBXBuildFile; fileRef = 1CA0C55115400A700095D617 /* ipad-button-contrast@2x.png */; };
		1CA0C5601540108D0095D617 /* ipad-button-brightness.png in Resources */ = {isa = PBXBuildFile; fileRef = 1CA0C5541540108D0095D617 /* ipad-button-brightness.png */; };
		1CA0C5611540108D0095D617 /* ipad-button-brightness@2x.png in Resources */ = {isa = PBXBuildFile; fileRef = 1CA0C5551540108D0095D617 /* ipad-button-brightness@2x.png */; };
		1CA0C5621540108D0095D617 /* ipad-button-fast-edges.png in Resources */ = {isa = PBXBuildFile; fileRef = 1CA0C5561540108D0095D617 /* ipad-button-fast-edges.png */; };
		1CA0C5631540108D0095D617 /* ipad-button-fast-edges@2x.png in Resources */ = {isa = PBXBuildFile; fileRef = 1CA0C5571540108D0095D617 /* ipad-button-fast-edges@2x.png */; };
		1CA0C5641540108D0095D617 /* ipad-button-gamma.png in Resources */ = {isa = PBXBuildFile; fileRef = 1CA0C5581540108D0095D617 /* ipad-button-gamma.png */; };
		1CA0C5651540108D0095D617 /* ipad-button-gamma@2x.png in Resources */ = {isa = PBXBuildFile; fileRef = 1CA0C5591540108D0095D617 /* ipad-button-gamma@2x.png */; };
		1CA0C5661540108D0095D617 /* ipad-button-gradient-magnitude.png in Resources */ = {isa = PBXBuildFile; fileRef = 1CA0C55A1540108D0095D617 /* ipad-button-gradient-magnitude.png */; };
		1CA0C5671540108D0095D617 /* ipad-button-gradient-magnitude@2x.png in Resources */ = {isa = PBXBuildFile; fileRef = 1CA0C55B1540108D0095D617 /* ipad-button-gradient-magnitude@2x.png */; };
		1CA0C5681540108D0095D617 /* ipad-button-sobel-edges.png in Resources */ = {isa = PBXBuildFile; fileRef = 1CA0C55C1540108D0095D617 /* ipad-button-sobel-edges.png */; };
		1CA0C5691540108D0095D617 /* ipad-button-sobel-edges@2x.png in Resources */ = {isa = PBXBuildFile; fileRef = 1CA0C55D1540108D0095D617 /* ipad-button-sobel-edges@2x.png */; };
		1CA0C56A1540108D0095D617 /* ipad-button-threshold.png in Resources */ = {isa = PBXBuildFile; fileRef = 1CA0C55E1540108D0095D617 /* ipad-button-threshold.png */; };
		1CA0C56B1540108D0095D617 /* ipad-button-threshold@2x.png in Resources */ = {isa = PBXBuildFile; fileRef = 1CA0C55F1540108D0095D617 /* ipad-button-threshold@2x.png */; };
		1CA0C574154017BE0095D617 /* ipad-button-cartoon.png in Resources */ = {isa = PBXBuildFile; fileRef = 1CA0C56C154017BE0095D617 /* ipad-button-cartoon.png */; };
		1CA0C575154017BE0095D617 /* ipad-button-cartoon@2x.png in Resources */ = {isa = PBXBuildFile; fileRef = 1CA0C56D154017BE0095D617 /* ipad-button-cartoon@2x.png */; };
		1CA0C576154017BE0095D617 /* ipad-button-posterize.png in Resources */ = {isa = PBXBuildFile; fileRef = 1CA0C56E154017BE0095D617 /* ipad-button-posterize.png */; };
		1CA0C577154017BE0095D617 /* ipad-button-posterize@2x.png in Resources */ = {isa = PBXBuildFile; fileRef = 1CA0C56F154017BE0095D617 /* ipad-button-posterize@2x.png */; };
		1CA0C578154017BE0095D617 /* ipad-button-sharp.png in Resources */ = {isa = PBXBuildFile; fileRef = 1CA0C570154017BE0095D617 /* ipad-button-sharp.png */; };
		1CA0C579154017BE0095D617 /* ipad-button-sharp@2x.png in Resources */ = {isa = PBXBuildFile; fileRef = 1CA0C571154017BE0095D617 /* ipad-button-sharp@2x.png */; };
		1CA0C57A154017BE0095D617 /* ipad-button-blur.png in Resources */ = {isa = PBXBuildFile; fileRef = 1CA0C572154017BE0095D617 /* ipad-button-blur.png */; };
		1CA0C57B154017BE0095D617 /* ipad-button-blur@2x.png in Resources */ = {isa = PBXBuildFile; fileRef = 1CA0C573154017BE0095D617 /* ipad-button-blur@2x.png */; };
		1CA0C57E15401DE00095D617 /* sketch-button.png in Resources */ = {isa = PBXBuildFile; fileRef = 1CA0C57C15401DE00095D617 /* sketch-button.png */; };
		1CA0C57F15401DE00095D617 /* sketch-button@2x.png in Resources */ = {isa = PBXBuildFile; fileRef = 1CA0C57D15401DE00095D617 /* sketch-button@2x.png */; };
		1CA0C58215401E5D0095D617 /* ipad-button-sketch.png in Resources */ = {isa = PBXBuildFile; fileRef = 1CA0C58015401E5D0095D617 /* ipad-button-sketch.png */; };
		1CA0C58315401E5D0095D617 /* ipad-button-sketch@2x.png in Resources */ = {isa = PBXBuildFile; fileRef = 1CA0C58115401E5D0095D617 /* ipad-button-sketch@2x.png */; };
		1CA0C58A154029920095D617 /* ipad-button-noise-reduction.png in Resources */ = {isa = PBXBuildFile; fileRef = 1CA0C584154029920095D617 /* ipad-button-noise-reduction.png */; };
		1CA0C58B154029920095D617 /* ipad-button-noise-reduction@2x.png in Resources */ = {isa = PBXBuildFile; fileRef = 1CA0C585154029920095D617 /* ipad-button-noise-reduction@2x.png */; };
		1CA0C58C154029920095D617 /* ipad-button-erode.png in Resources */ = {isa = PBXBuildFile; fileRef = 1CA0C586154029920095D617 /* ipad-button-erode.png */; };
		1CA0C58D154029920095D617 /* ipad-button-erode@2x.png in Resources */ = {isa = PBXBuildFile; fileRef = 1CA0C587154029920095D617 /* ipad-button-erode@2x.png */; };
		1CA0C58E154029920095D617 /* ipad-button-dilate.png in Resources */ = {isa = PBXBuildFile; fileRef = 1CA0C588154029920095D617 /* ipad-button-dilate.png */; };
		1CA0C58F154029920095D617 /* ipad-button-dilate@2x.png in Resources */ = {isa = PBXBuildFile; fileRef = 1CA0C589154029920095D617 /* ipad-button-dilate@2x.png */; };
		1CA0C59215402E220095D617 /* button-demo-photos.png in Resources */ = {isa = PBXBuildFile; fileRef = 1CA0C59015402E220095D617 /* button-demo-photos.png */; };
		1CA0C59315402E220095D617 /* button-demo-photos@2x.png in Resources */ = {isa = PBXBuildFile; fileRef = 1CA0C59115402E220095D617 /* button-demo-photos@2x.png */; };
		1CA0C59615402E2F0095D617 /* ipad-button-change-photo.png in Resources */ = {isa = PBXBuildFile; fileRef = 1CA0C59415402E2F0095D617 /* ipad-button-change-photo.png */; };
		1CA0C59715402E2F0095D617 /* ipad-button-change-photo@2x.png in Resources */ = {isa = PBXBuildFile; fileRef = 1CA0C59515402E2F0095D617 /* ipad-button-change-photo@2x.png */; };
		1CA1BCE4152E80F2003AE721 /* OFAlgorithmHandler.m in Sources */ = {isa = PBXBuildFile; fileRef = 1CA1BCE3152E80F2003AE721 /* OFAlgorithmHandler.m */; };
		1CA1BCE7152E9447003AE721 /* OFAlgorithmAttributes.m in Sources */ = {isa = PBXBuildFile; fileRef = 1CA1BCE6152E9447003AE721 /* OFAlgorithmAttributes.m */; };
		1CA1BCEE152FADFC003AE721 /* OFAlgorithmScrollViewController.m in Sources */ = {isa = PBXBuildFile; fileRef = 1CA1BCED152FADFC003AE721 /* OFAlgorithmScrollViewController.m */; };
		1CC0BB3814F48AE50087F45B /* MobileCoreServices.framework in Frameworks */ = {isa = PBXBuildFile; fileRef = 1CC0BB3714F48AE50087F45B /* MobileCoreServices.framework */; };
		1CC5B6D2151AE7370073AAED /* UIImage-Extensions.m in Sources */ = {isa = PBXBuildFile; fileRef = 1CC5B6D1151AE7370073AAED /* UIImage-Extensions.m */; };
		1CEF6B42150BD17D00021907 /* OFAlgorithmControlsView.m in Sources */ = {isa = PBXBuildFile; fileRef = 1CEF6B41150BD17D00021907 /* OFAlgorithmControlsView.m */; };
		1CFFFC37153A2C77000E362F /* cassius.png in Resources */ = {isa = PBXBuildFile; fileRef = 1CFFFC35153A2C77000E362F /* cassius.png */; };
		1CFFFC38153A2C77000E362F /* cassius@2x.png in Resources */ = {isa = PBXBuildFile; fileRef = 1CFFFC36153A2C77000E362F /* cassius@2x.png */; };
		1CFFFC3B153A2D47000E362F /* flatiron.png in Resources */ = {isa = PBXBuildFile; fileRef = 1CFFFC39153A2D47000E362F /* flatiron.png */; };
		1CFFFC3C153A2D47000E362F /* flatiron@2x.png in Resources */ = {isa = PBXBuildFile; fileRef = 1CFFFC3A153A2D47000E362F /* flatiron@2x.png */; };
/* End PBXBuildFile section */

/* Begin PBXFileReference section */
		1C144B7D154085D500A64BE2 /* Icon-72.png */ = {isa = PBXFileReference; lastKnownFileType = image.png; path = "Icon-72.png"; sourceTree = "<group>"; };
		1C144B7E154085D500A64BE2 /* Icon-Small.png */ = {isa = PBXFileReference; lastKnownFileType = image.png; path = "Icon-Small.png"; sourceTree = "<group>"; };
		1C144B7F154085D500A64BE2 /* Icon.png */ = {isa = PBXFileReference; lastKnownFileType = image.png; path = Icon.png; sourceTree = "<group>"; };
		1C144B80154085D500A64BE2 /* Icon@2x.png */ = {isa = PBXFileReference; lastKnownFileType = image.png; path = "Icon@2x.png"; sourceTree = "<group>"; };
		1C144B851540C8F100A64BE2 /* ipad-button-change-photo-2.png */ = {isa = PBXFileReference; lastKnownFileType = image.png; path = "ipad-button-change-photo-2.png"; sourceTree = "<group>"; };
		1C144B861540C8F100A64BE2 /* ipad-button-change-photo-2@2x.png */ = {isa = PBXFileReference; lastKnownFileType = image.png; path = "ipad-button-change-photo-2@2x.png"; sourceTree = "<group>"; };
		1C144B891540CCA100A64BE2 /* ipad-button-static.png */ = {isa = PBXFileReference; lastKnownFileType = image.png; path = "ipad-button-static.png"; sourceTree = "<group>"; };
		1C144B8A1540CCA100A64BE2 /* ipad-button-static@2x.png */ = {isa = PBXFileReference; lastKnownFileType = image.png; path = "ipad-button-static@2x.png"; sourceTree = "<group>"; };
		1C144B8D1540CCB100A64BE2 /* static-button.png */ = {isa = PBXFileReference; lastKnownFileType = image.png; path = "static-button.png"; sourceTree = "<group>"; };
		1C144B8E1540CCB100A64BE2 /* static-button@2x.png */ = {isa = PBXFileReference; lastKnownFileType = image.png; path = "static-button@2x.png"; sourceTree = "<group>"; };
		1C18534814FCB64100F86CFB /* grayscale-button.png */ = {isa = PBXFileReference; lastKnownFileType = image.png; path = "grayscale-button.png"; sourceTree = "<group>"; };
		1C352FEA152BFC0800A95B29 /* edges-button.png */ = {isa = PBXFileReference; lastKnownFileType = image.png; path = "edges-button.png"; sourceTree = "<group>"; };
		1C352FEB152BFC0800A95B29 /* gradient-magnitude-button.png */ = {isa = PBXFileReference; lastKnownFileType = image.png; path = "gradient-magnitude-button.png"; sourceTree = "<group>"; };
		1C352FEF152BFCF000A95B29 /* blur-button.png */ = {isa = PBXFileReference; lastKnownFileType = image.png; path = "blur-button.png"; sourceTree = "<group>"; };
		1C352FF0152BFCF000A95B29 /* sharpen-button.png */ = {isa = PBXFileReference; lastKnownFileType = image.png; path = "sharpen-button.png"; sourceTree = "<group>"; };
		1C3D98981532CFDB00A7CA8A /* button-demo.png */ = {isa = PBXFileReference; lastKnownFileType = image.png; path = "button-demo.png"; sourceTree = "<group>"; };
		1C3D98991532CFDB00A7CA8A /* button-demo@2x.png */ = {isa = PBXFileReference; lastKnownFileType = image.png; path = "button-demo@2x.png"; sourceTree = "<group>"; };
		1C3D98A21534805200A7CA8A /* blur-button@2x.png */ = {isa = PBXFileReference; lastKnownFileType = image.png; path = "blur-button@2x.png"; sourceTree = "<group>"; };
		1C3D98A31534805200A7CA8A /* brightness-button@2x.png */ = {isa = PBXFileReference; lastKnownFileType = image.png; path = "brightness-button@2x.png"; sourceTree = "<group>"; };
		1C3D98A41534805200A7CA8A /* contrast-button@2x.png */ = {isa = PBXFileReference; lastKnownFileType = image.png; path = "contrast-button@2x.png"; sourceTree = "<group>"; };
		1C3D98A51534805200A7CA8A /* edges-button@2x.png */ = {isa = PBXFileReference; lastKnownFileType = image.png; path = "edges-button@2x.png"; sourceTree = "<group>"; };
		1C3D98A71534805200A7CA8A /* gamma-button@2x.png */ = {isa = PBXFileReference; lastKnownFileType = image.png; path = "gamma-button@2x.png"; sourceTree = "<group>"; };
		1C3D98A81534805200A7CA8A /* gradient-magnitude-button@2x.png */ = {isa = PBXFileReference; lastKnownFileType = image.png; path = "gradient-magnitude-button@2x.png"; sourceTree = "<group>"; };
		1C3D98A91534805200A7CA8A /* invert-button@2x.png */ = {isa = PBXFileReference; lastKnownFileType = image.png; path = "invert-button@2x.png"; sourceTree = "<group>"; };
		1C3D98B2153480C300A7CA8A /* sharpen-button@2x.png */ = {isa = PBXFileReference; lastKnownFileType = image.png; path = "sharpen-button@2x.png"; sourceTree = "<group>"; };
		1C3D98B3153480C300A7CA8A /* threshold-button@2x.png */ = {isa = PBXFileReference; lastKnownFileType = image.png; path = "threshold-button@2x.png"; sourceTree = "<group>"; };
		1C6BE21A153E20520064D7F5 /* .directory */ = {isa = PBXFileReference; fileEncoding = 4; lastKnownFileType = text; path = .directory; sourceTree = "<group>"; };
		1C6BE21C153E20520064D7F5 /* ImProc_Base.c */ = {isa = PBXFileReference; fileEncoding = 4; lastKnownFileType = sourcecode.c.c; path = ImProc_Base.c; sourceTree = "<group>"; };
		1C6BE21D153E20520064D7F5 /* ImProc_Base.h */ = {isa = PBXFileReference; fileEncoding = 4; lastKnownFileType = sourcecode.c.h; path = ImProc_Base.h; sourceTree = "<group>"; };
		1C6BE21E153E20520064D7F5 /* ImProc_Color.c */ = {isa = PBXFileReference; fileEncoding = 4; lastKnownFileType = sourcecode.c.c; path = ImProc_Color.c; sourceTree = "<group>"; };
		1C6BE21F153E20520064D7F5 /* ImProc_Color.h */ = {isa = PBXFileReference; fileEncoding = 4; lastKnownFileType = sourcecode.c.h; path = ImProc_Color.h; sourceTree = "<group>"; };
		1C6BE220153E20520064D7F5 /* ImProc_Convolve.c */ = {isa = PBXFileReference; fileEncoding = 4; lastKnownFileType = sourcecode.c.c; path = ImProc_Convolve.c; sourceTree = "<group>"; };
		1C6BE221153E20520064D7F5 /* ImProc_Convolve.h */ = {isa = PBXFileReference; fileEncoding = 4; lastKnownFileType = sourcecode.c.h; path = ImProc_Convolve.h; sourceTree = "<group>"; };
		1C6BE222153E20520064D7F5 /* ImProc_Edges.c */ = {isa = PBXFileReference; fileEncoding = 4; lastKnownFileType = sourcecode.c.c; path = ImProc_Edges.c; sourceTree = "<group>"; };
		1C6BE223153E20520064D7F5 /* ImProc_Edges.h */ = {isa = PBXFileReference; fileEncoding = 4; lastKnownFileType = sourcecode.c.h; path = ImProc_Edges.h; sourceTree = "<group>"; };
		1C6BE224153E20520064D7F5 /* ImProc_Effects.c */ = {isa = PBXFileReference; fileEncoding = 4; lastKnownFileType = sourcecode.c.c; path = ImProc_Effects.c; sourceTree = "<group>"; };
		1C6BE225153E20520064D7F5 /* ImProc_Effects.h */ = {isa = PBXFileReference; fileEncoding = 4; lastKnownFileType = sourcecode.c.h; path = ImProc_Effects.h; sourceTree = "<group>"; };
		1C6BE226153E20520064D7F5 /* ImProc_Filters.c */ = {isa = PBXFileReference; fileEncoding = 4; lastKnownFileType = sourcecode.c.c; path = ImProc_Filters.c; sourceTree = "<group>"; };
		1C6BE227153E20520064D7F5 /* ImProc_Filters.h */ = {isa = PBXFileReference; fileEncoding = 4; lastKnownFileType = sourcecode.c.h; path = ImProc_Filters.h; sourceTree = "<group>"; };
		1C6BE228153E20520064D7F5 /* ImProc_Histogram.c */ = {isa = PBXFileReference; fileEncoding = 4; lastKnownFileType = sourcecode.c.c; path = ImProc_Histogram.c; sourceTree = "<group>"; };
		1C6BE229153E20520064D7F5 /* ImProc_Histogram.h */ = {isa = PBXFileReference; fileEncoding = 4; lastKnownFileType = sourcecode.c.h; path = ImProc_Histogram.h; sourceTree = "<group>"; };
		1C6BE22A153E20520064D7F5 /* ImProc_Utils.c */ = {isa = PBXFileReference; fileEncoding = 4; lastKnownFileType = sourcecode.c.c; path = ImProc_Utils.c; sourceTree = "<group>"; };
		1C6BE22B153E20520064D7F5 /* ImProc_Utils.h */ = {isa = PBXFileReference; fileEncoding = 4; lastKnownFileType = sourcecode.c.h; path = ImProc_Utils.h; sourceTree = "<group>"; };
		1C6BE238153E4BD60064D7F5 /* noise-reduction-button.png */ = {isa = PBXFileReference; lastKnownFileType = image.png; path = "noise-reduction-button.png"; sourceTree = "<group>"; };
		1C6BE239153E4BD60064D7F5 /* noise-reduction-button@2x.png */ = {isa = PBXFileReference; lastKnownFileType = image.png; path = "noise-reduction-button@2x.png"; sourceTree = "<group>"; };
		1C6BE23A153E4BD60064D7F5 /* dilate-button.png */ = {isa = PBXFileReference; lastKnownFileType = image.png; path = "dilate-button.png"; sourceTree = "<group>"; };
		1C6BE23B153E4BD60064D7F5 /* dilate-button@2x.png */ = {isa = PBXFileReference; lastKnownFileType = image.png; path = "dilate-button@2x.png"; sourceTree = "<group>"; };
		1C6BE23C153E4BD60064D7F5 /* erode-button.png */ = {isa = PBXFileReference; lastKnownFileType = image.png; path = "erode-button.png"; sourceTree = "<group>"; };
		1C6BE23D153E4BD60064D7F5 /* erode-button@2x.png */ = {isa = PBXFileReference; lastKnownFileType = image.png; path = "erode-button@2x.png"; sourceTree = "<group>"; };
		1C6BE240153E4BD60064D7F5 /* posterize-button.png */ = {isa = PBXFileReference; lastKnownFileType = image.png; path = "posterize-button.png"; sourceTree = "<group>"; };
		1C6BE241153E4BD60064D7F5 /* posterize-button@2x.png */ = {isa = PBXFileReference; lastKnownFileType = image.png; path = "posterize-button@2x.png"; sourceTree = "<group>"; };
		1C6BE242153E4BD60064D7F5 /* cartoon-button.png */ = {isa = PBXFileReference; lastKnownFileType = image.png; path = "cartoon-button.png"; sourceTree = "<group>"; };
		1C6BE243153E4BD60064D7F5 /* cartoon-button@2x.png */ = {isa = PBXFileReference; lastKnownFileType = image.png; path = "cartoon-button@2x.png"; sourceTree = "<group>"; };
		1C6BE250153E4D0E0064D7F5 /* sobel-button.png */ = {isa = PBXFileReference; lastKnownFileType = image.png; path = "sobel-button.png"; sourceTree = "<group>"; };
		1C6BE251153E4D0E0064D7F5 /* sobel-button@2x.png */ = {isa = PBXFileReference; lastKnownFileType = image.png; path = "sobel-button@2x.png"; sourceTree = "<group>"; };
		1C71E0661517EB9F00211D8A /* ToDo.txt */ = {isa = PBXFileReference; fileEncoding = 4; lastKnownFileType = text; path = ToDo.txt; sourceTree = "<group>"; };
		1C71E06A1517FE1F00211D8A /* contrast-button.png */ = {isa = PBXFileReference; lastKnownFileType = image.png; path = "contrast-button.png"; sourceTree = "<group>"; };
		1C71E06C1517FEEE00211D8A /* brightness-button.png */ = {isa = PBXFileReference; lastKnownFileType = image.png; path = "brightness-button.png"; sourceTree = "<group>"; };
		1C71E06E1517FFBD00211D8A /* threshold-button.png */ = {isa = PBXFileReference; lastKnownFileType = image.png; path = "threshold-button.png"; sourceTree = "<group>"; };
		1C71E0701518006C00211D8A /* gamma-button.png */ = {isa = PBXFileReference; lastKnownFileType = image.png; path = "gamma-button.png"; sourceTree = "<group>"; };
		1C71E07E15184B1D00211D8A /* AVFoundation.framework */ = {isa = PBXFileReference; lastKnownFileType = wrapper.framework; name = AVFoundation.framework; path = System/Library/Frameworks/AVFoundation.framework; sourceTree = SDKROOT; };
		1C71E08015184B4B00211D8A /* AssetsLibrary.framework */ = {isa = PBXFileReference; lastKnownFileType = wrapper.framework; name = AssetsLibrary.framework; path = System/Library/Frameworks/AssetsLibrary.framework; sourceTree = SDKROOT; };
		1C71E08215184B5900211D8A /* ImageIO.framework */ = {isa = PBXFileReference; lastKnownFileType = wrapper.framework; name = ImageIO.framework; path = System/Library/Frameworks/ImageIO.framework; sourceTree = SDKROOT; };
		1C71E08415184B6000211D8A /* QuartzCore.framework */ = {isa = PBXFileReference; lastKnownFileType = wrapper.framework; name = QuartzCore.framework; path = System/Library/Frameworks/QuartzCore.framework; sourceTree = SDKROOT; };
		1C71E08615184B6A00211D8A /* MediaPlayer.framework */ = {isa = PBXFileReference; lastKnownFileType = wrapper.framework; name = MediaPlayer.framework; path = System/Library/Frameworks/MediaPlayer.framework; sourceTree = SDKROOT; };
		1C71E08815184B7700211D8A /* CoreMedia.framework */ = {isa = PBXFileReference; lastKnownFileType = wrapper.framework; name = CoreMedia.framework; path = System/Library/Frameworks/CoreMedia.framework; sourceTree = SDKROOT; };
		1C71E08A15184B7D00211D8A /* CoreVideo.framework */ = {isa = PBXFileReference; lastKnownFileType = wrapper.framework; name = CoreVideo.framework; path = System/Library/Frameworks/CoreVideo.framework; sourceTree = SDKROOT; };
		1C71E08C15190F6900211D8A /* OFLiveVideoHandler.h */ = {isa = PBXFileReference; fileEncoding = 4; lastKnownFileType = sourcecode.c.h; name = OFLiveVideoHandler.h; path = ImgProc/OFLiveVideoHandler.h; sourceTree = "<group>"; };
		1C71E08D15190F6900211D8A /* OFLiveVideoHandler.m */ = {isa = PBXFileReference; fileEncoding = 4; lastKnownFileType = sourcecode.c.objc; name = OFLiveVideoHandler.m; path = ImgProc/OFLiveVideoHandler.m; sourceTree = "<group>"; };
		1C7363281548B14100DA1E46 /* OFInstructionImageView.h */ = {isa = PBXFileReference; fileEncoding = 4; lastKnownFileType = sourcecode.c.h; path = OFInstructionImageView.h; sourceTree = "<group>"; };
		1C7363291548B14100DA1E46 /* OFInstructionImagesView.m */ = {isa = PBXFileReference; fileEncoding = 4; lastKnownFileType = sourcecode.c.objc; path = OFInstructionImagesView.m; sourceTree = "<group>"; };
		1C73632D1548C14500DA1E46 /* instruction_overlay_ipad.png */ = {isa = PBXFileReference; lastKnownFileType = image.png; path = instruction_overlay_ipad.png; sourceTree = "<group>"; };
		1C73632E1548C14500DA1E46 /* instruction_overlay_ipad@2x.png */ = {isa = PBXFileReference; lastKnownFileType = image.png; path = "instruction_overlay_ipad@2x.png"; sourceTree = "<group>"; };
		1C7363311549437F00DA1E46 /* instruction_overlay_iphone.png */ = {isa = PBXFileReference; lastKnownFileType = image.png; path = instruction_overlay_iphone.png; sourceTree = "<group>"; };
		1C7363321549437F00DA1E46 /* instruction_overlay_iphone@2x.png */ = {isa = PBXFileReference; lastKnownFileType = image.png; path = "instruction_overlay_iphone@2x.png"; sourceTree = "<group>"; };
		1C73F1FC14F6015900DD1DA4 /* OFPhotoView.h */ = {isa = PBXFileReference; fileEncoding = 4; lastKnownFileType = sourcecode.c.h; path = OFPhotoView.h; sourceTree = "<group>"; };
		1C73F1FD14F6015900DD1DA4 /* OFPhotoView.m */ = {isa = PBXFileReference; fileEncoding = 4; lastKnownFileType = sourcecode.c.objc; path = OFPhotoView.m; sourceTree = "<group>"; };
		1C73F20914F7393600DD1DA4 /* Constants.h */ = {isa = PBXFileReference; fileEncoding = 4; lastKnownFileType = sourcecode.c.h; lineEnding = 0; name = Constants.h; path = ImgProc/Constants.h; sourceTree = "<group>"; xcLanguageSpecificationIdentifier = xcode.lang.objcpp; };
		1C73F20A14F7393600DD1DA4 /* Constants.m */ = {isa = PBXFileReference; fileEncoding = 4; lastKnownFileType = sourcecode.c.objc; name = Constants.m; path = ImgProc/Constants.m; sourceTree = "<group>"; };
		1C73F20C14F835D500DD1DA4 /* OFHelperFunctions.h */ = {isa = PBXFileReference; fileEncoding = 4; lastKnownFileType = sourcecode.c.h; name = OFHelperFunctions.h; path = ImgProc/OFHelperFunctions.h; sourceTree = "<group>"; };
		1C73F20D14F835D500DD1DA4 /* OFHelperFunctions.m */ = {isa = PBXFileReference; fileEncoding = 4; lastKnownFileType = sourcecode.c.objc; name = OFHelperFunctions.m; path = ImgProc/OFHelperFunctions.m; sourceTree = "<group>"; };
		1C8AC4F5154750D1006857B7 /* ImageConverter.h */ = {isa = PBXFileReference; lastKnownFileType = sourcecode.c.h; name = ImageConverter.h; path = ImgProc/ImageConverter.h; sourceTree = "<group>"; };
		1C8AC4F7154750DF006857B7 /* ImageConverter.m */ = {isa = PBXFileReference; fileEncoding = 4; lastKnownFileType = sourcecode.c.objc; name = ImageConverter.m; path = ImgProc/ImageConverter.m; sourceTree = "<group>"; };
		1C8AC4F9154750E8006857B7 /* GraphicsCommon.h */ = {isa = PBXFileReference; lastKnownFileType = sourcecode.c.h; name = GraphicsCommon.h; path = ImgProc/GraphicsCommon.h; sourceTree = "<group>"; };
		1C8AC4FA154750F4006857B7 /* OFImageProcHelperFunctions.h */ = {isa = PBXFileReference; lastKnownFileType = sourcecode.c.h; name = OFImageProcHelperFunctions.h; path = ImgProc/OFImageProcHelperFunctions.h; sourceTree = "<group>"; };
		1C8AC4FB154750F4006857B7 /* OFImageProcHelperFunctions.m */ = {isa = PBXFileReference; lastKnownFileType = sourcecode.c.objc; name = OFImageProcHelperFunctions.m; path = ImgProc/OFImageProcHelperFunctions.m; sourceTree = "<group>"; };
		1C9614B91502D8CD00AFFF9A /* invert-button.png */ = {isa = PBXFileReference; lastKnownFileType = image.png; path = "invert-button.png"; sourceTree = "<group>"; };
		1C99998614D8CA9C00451D60 /* ImgProc.app */ = {isa = PBXFileReference; explicitFileType = wrapper.application; includeInIndex = 0; path = ImgProc.app; sourceTree = BUILT_PRODUCTS_DIR; };
		1C99998A14D8CA9C00451D60 /* UIKit.framework */ = {isa = PBXFileReference; lastKnownFileType = wrapper.framework; name = UIKit.framework; path = System/Library/Frameworks/UIKit.framework; sourceTree = SDKROOT; };
		1C99998C14D8CA9C00451D60 /* Foundation.framework */ = {isa = PBXFileReference; lastKnownFileType = wrapper.framework; name = Foundation.framework; path = System/Library/Frameworks/Foundation.framework; sourceTree = SDKROOT; };
		1C99998E14D8CA9C00451D60 /* CoreGraphics.framework */ = {isa = PBXFileReference; lastKnownFileType = wrapper.framework; name = CoreGraphics.framework; path = System/Library/Frameworks/CoreGraphics.framework; sourceTree = SDKROOT; };
		1C99999214D8CA9C00451D60 /* ImgProc-Info.plist */ = {isa = PBXFileReference; lastKnownFileType = text.plist.xml; path = "ImgProc-Info.plist"; sourceTree = "<group>"; };
		1C99999414D8CA9C00451D60 /* en */ = {isa = PBXFileReference; lastKnownFileType = text.plist.strings; name = en; path = en.lproj/InfoPlist.strings; sourceTree = "<group>"; };
		1C99999614D8CA9C00451D60 /* main.m */ = {isa = PBXFileReference; lastKnownFileType = sourcecode.c.objc; path = main.m; sourceTree = "<group>"; };
		1C99999814D8CA9C00451D60 /* ImgProc-Prefix.pch */ = {isa = PBXFileReference; lastKnownFileType = sourcecode.c.h; path = "ImgProc-Prefix.pch"; sourceTree = "<group>"; };
		1C99999914D8CA9C00451D60 /* OFAppDelegate.h */ = {isa = PBXFileReference; lastKnownFileType = sourcecode.c.h; name = OFAppDelegate.h; path = ImgProc/OFAppDelegate.h; sourceTree = "<group>"; };
		1C99999A14D8CA9C00451D60 /* OFAppDelegate.m */ = {isa = PBXFileReference; lastKnownFileType = sourcecode.c.objc; name = OFAppDelegate.m; path = ImgProc/OFAppDelegate.m; sourceTree = "<group>"; };
		1C9999A114D8CB9800451D60 /* OFMainViewController.h */ = {isa = PBXFileReference; fileEncoding = 4; lastKnownFileType = sourcecode.c.h; lineEnding = 0; path = OFMainViewController.h; sourceTree = "<group>"; xcLanguageSpecificationIdentifier = xcode.lang.objcpp; };
		1C9999A214D8CB9800451D60 /* OFMainViewController.m */ = {isa = PBXFileReference; fileEncoding = 4; lastKnownFileType = sourcecode.c.objc; lineEnding = 0; path = OFMainViewController.m; sourceTree = "<group>"; xcLanguageSpecificationIdentifier = xcode.lang.objc; };
		1CA0C517153FE1950095D617 /* ipad-button-demo.png */ = {isa = PBXFileReference; lastKnownFileType = image.png; path = "ipad-button-demo.png"; sourceTree = "<group>"; };
		1CA0C518153FE1950095D617 /* ipad-button-demo@2x.png */ = {isa = PBXFileReference; lastKnownFileType = image.png; path = "ipad-button-demo@2x.png"; sourceTree = "<group>"; };
		1CA0C51E153FF6430095D617 /* toms.png */ = {isa = PBXFileReference; lastKnownFileType = image.png; path = toms.png; sourceTree = "<group>"; };
		1CA0C51F153FF6430095D617 /* toms@2x.png */ = {isa = PBXFileReference; lastKnownFileType = image.png; path = "toms@2x.png"; sourceTree = "<group>"; };
		1CA0C524153FFB3C0095D617 /* typography@2x.png */ = {isa = PBXFileReference; lastKnownFileType = image.png; path = "typography@2x.png"; sourceTree = "<group>"; };
		1CA0C525153FFB3D0095D617 /* typography.png */ = {isa = PBXFileReference; lastKnownFileType = image.png; path = typography.png; sourceTree = "<group>"; };
		1CA0C528153FFB3D0095D617 /* rally-2.png */ = {isa = PBXFileReference; lastKnownFileType = image.png; path = "rally-2.png"; sourceTree = "<group>"; };
		1CA0C529153FFB3D0095D617 /* rally-2@2x.png */ = {isa = PBXFileReference; lastKnownFileType = image.png; path = "rally-2@2x.png"; sourceTree = "<group>"; };
		1CA0C52A153FFB3D0095D617 /* rally.png */ = {isa = PBXFileReference; lastKnownFileType = image.png; path = rally.png; sourceTree = "<group>"; };
		1CA0C52B153FFB3D0095D617 /* rally@2x.png */ = {isa = PBXFileReference; lastKnownFileType = image.png; path = "rally@2x.png"; sourceTree = "<group>"; };
		1CA0C52C153FFB3D0095D617 /* fruit.png */ = {isa = PBXFileReference; lastKnownFileType = image.png; path = fruit.png; sourceTree = "<group>"; };
		1CA0C52D153FFB3D0095D617 /* fruit@2x.png */ = {isa = PBXFileReference; lastKnownFileType = image.png; path = "fruit@2x.png"; sourceTree = "<group>"; };
		1CA0C5441540049A0095D617 /* jupiter.png */ = {isa = PBXFileReference; lastKnownFileType = image.png; path = jupiter.png; sourceTree = "<group>"; };
		1CA0C5451540049A0095D617 /* jupiter@2x.png */ = {isa = PBXFileReference; lastKnownFileType = image.png; path = "jupiter@2x.png"; sourceTree = "<group>"; };
		1CA0C548154005A90095D617 /* dog-frisbee.png */ = {isa = PBXFileReference; lastKnownFileType = image.png; path = "dog-frisbee.png"; sourceTree = "<group>"; };
		1CA0C549154005A90095D617 /* dog-frisbee@2x.png */ = {isa = PBXFileReference; lastKnownFileType = image.png; path = "dog-frisbee@2x.png"; sourceTree = "<group>"; };
		1CA0C54C154008860095D617 /* ipad-button-invert.png */ = {isa = PBXFileReference; lastKnownFileType = image.png; path = "ipad-button-invert.png"; sourceTree = "<group>"; };
		1CA0C54D154008860095D617 /* ipad-button-invert@2x.png */ = {isa = PBXFileReference; lastKnownFileType = image.png; path = "ipad-button-invert@2x.png"; sourceTree = "<group>"; };
		1CA0C55015400A700095D617 /* ipad-button-contrast.png */ = {isa = PBXFileReference; lastKnownFileType = image.png; path = "ipad-button-contrast.png"; sourceTree = "<group>"; };
		1CA0C55115400A700095D617 /* ipad-button-contrast@2x.png */ = {isa = PBXFileReference; lastKnownFileType = image.png; path = "ipad-button-contrast@2x.png"; sourceTree = "<group>"; };
		1CA0C5541540108D0095D617 /* ipad-button-brightness.png */ = {isa = PBXFileReference; lastKnownFileType = image.png; path = "ipad-button-brightness.png"; sourceTree = "<group>"; };
		1CA0C5551540108D0095D617 /* ipad-button-brightness@2x.png */ = {isa = PBXFileReference; lastKnownFileType = image.png; path = "ipad-button-brightness@2x.png"; sourceTree = "<group>"; };
		1CA0C5561540108D0095D617 /* ipad-button-fast-edges.png */ = {isa = PBXFileReference; lastKnownFileType = image.png; path = "ipad-button-fast-edges.png"; sourceTree = "<group>"; };
		1CA0C5571540108D0095D617 /* ipad-button-fast-edges@2x.png */ = {isa = PBXFileReference; lastKnownFileType = image.png; path = "ipad-button-fast-edges@2x.png"; sourceTree = "<group>"; };
		1CA0C5581540108D0095D617 /* ipad-button-gamma.png */ = {isa = PBXFileReference; lastKnownFileType = image.png; path = "ipad-button-gamma.png"; sourceTree = "<group>"; };
		1CA0C5591540108D0095D617 /* ipad-button-gamma@2x.png */ = {isa = PBXFileReference; lastKnownFileType = image.png; path = "ipad-button-gamma@2x.png"; sourceTree = "<group>"; };
		1CA0C55A1540108D0095D617 /* ipad-button-gradient-magnitude.png */ = {isa = PBXFileReference; lastKnownFileType = image.png; path = "ipad-button-gradient-magnitude.png"; sourceTree = "<group>"; };
		1CA0C55B1540108D0095D617 /* ipad-button-gradient-magnitude@2x.png */ = {isa = PBXFileReference; lastKnownFileType = image.png; path = "ipad-button-gradient-magnitude@2x.png"; sourceTree = "<group>"; };
		1CA0C55C1540108D0095D617 /* ipad-button-sobel-edges.png */ = {isa = PBXFileReference; lastKnownFileType = image.png; path = "ipad-button-sobel-edges.png"; sourceTree = "<group>"; };
		1CA0C55D1540108D0095D617 /* ipad-button-sobel-edges@2x.png */ = {isa = PBXFileReference; lastKnownFileType = image.png; path = "ipad-button-sobel-edges@2x.png"; sourceTree = "<group>"; };
		1CA0C55E1540108D0095D617 /* ipad-button-threshold.png */ = {isa = PBXFileReference; lastKnownFileType = image.png; path = "ipad-button-threshold.png"; sourceTree = "<group>"; };
		1CA0C55F1540108D0095D617 /* ipad-button-threshold@2x.png */ = {isa = PBXFileReference; lastKnownFileType = image.png; path = "ipad-button-threshold@2x.png"; sourceTree = "<group>"; };
		1CA0C56C154017BE0095D617 /* ipad-button-cartoon.png */ = {isa = PBXFileReference; lastKnownFileType = image.png; path = "ipad-button-cartoon.png"; sourceTree = "<group>"; };
		1CA0C56D154017BE0095D617 /* ipad-button-cartoon@2x.png */ = {isa = PBXFileReference; lastKnownFileType = image.png; path = "ipad-button-cartoon@2x.png"; sourceTree = "<group>"; };
		1CA0C56E154017BE0095D617 /* ipad-button-posterize.png */ = {isa = PBXFileReference; lastKnownFileType = image.png; path = "ipad-button-posterize.png"; sourceTree = "<group>"; };
		1CA0C56F154017BE0095D617 /* ipad-button-posterize@2x.png */ = {isa = PBXFileReference; lastKnownFileType = image.png; path = "ipad-button-posterize@2x.png"; sourceTree = "<group>"; };
		1CA0C570154017BE0095D617 /* ipad-button-sharp.png */ = {isa = PBXFileReference; lastKnownFileType = image.png; path = "ipad-button-sharp.png"; sourceTree = "<group>"; };
		1CA0C571154017BE0095D617 /* ipad-button-sharp@2x.png */ = {isa = PBXFileReference; lastKnownFileType = image.png; path = "ipad-button-sharp@2x.png"; sourceTree = "<group>"; };
		1CA0C572154017BE0095D617 /* ipad-button-blur.png */ = {isa = PBXFileReference; lastKnownFileType = image.png; path = "ipad-button-blur.png"; sourceTree = "<group>"; };
		1CA0C573154017BE0095D617 /* ipad-button-blur@2x.png */ = {isa = PBXFileReference; lastKnownFileType = image.png; path = "ipad-button-blur@2x.png"; sourceTree = "<group>"; };
		1CA0C57C15401DE00095D617 /* sketch-button.png */ = {isa = PBXFileReference; lastKnownFileType = image.png; path = "sketch-button.png"; sourceTree = "<group>"; };
		1CA0C57D15401DE00095D617 /* sketch-button@2x.png */ = {isa = PBXFileReference; lastKnownFileType = image.png; path = "sketch-button@2x.png"; sourceTree = "<group>"; };
		1CA0C58015401E5D0095D617 /* ipad-button-sketch.png */ = {isa = PBXFileReference; lastKnownFileType = image.png; path = "ipad-button-sketch.png"; sourceTree = "<group>"; };
		1CA0C58115401E5D0095D617 /* ipad-button-sketch@2x.png */ = {isa = PBXFileReference; lastKnownFileType = image.png; path = "ipad-button-sketch@2x.png"; sourceTree = "<group>"; };
		1CA0C584154029920095D617 /* ipad-button-noise-reduction.png */ = {isa = PBXFileReference; lastKnownFileType = image.png; path = "ipad-button-noise-reduction.png"; sourceTree = "<group>"; };
		1CA0C585154029920095D617 /* ipad-button-noise-reduction@2x.png */ = {isa = PBXFileReference; lastKnownFileType = image.png; path = "ipad-button-noise-reduction@2x.png"; sourceTree = "<group>"; };
		1CA0C586154029920095D617 /* ipad-button-erode.png */ = {isa = PBXFileReference; lastKnownFileType = image.png; path = "ipad-button-erode.png"; sourceTree = "<group>"; };
		1CA0C587154029920095D617 /* ipad-button-erode@2x.png */ = {isa = PBXFileReference; lastKnownFileType = image.png; path = "ipad-button-erode@2x.png"; sourceTree = "<group>"; };
		1CA0C588154029920095D617 /* ipad-button-dilate.png */ = {isa = PBXFileReference; lastKnownFileType = image.png; path = "ipad-button-dilate.png"; sourceTree = "<group>"; };
		1CA0C589154029920095D617 /* ipad-button-dilate@2x.png */ = {isa = PBXFileReference; lastKnownFileType = image.png; path = "ipad-button-dilate@2x.png"; sourceTree = "<group>"; };
		1CA0C59015402E220095D617 /* button-demo-photos.png */ = {isa = PBXFileReference; lastKnownFileType = image.png; path = "button-demo-photos.png"; sourceTree = "<group>"; };
		1CA0C59115402E220095D617 /* button-demo-photos@2x.png */ = {isa = PBXFileReference; lastKnownFileType = image.png; path = "button-demo-photos@2x.png"; sourceTree = "<group>"; };
		1CA0C59415402E2F0095D617 /* ipad-button-change-photo.png */ = {isa = PBXFileReference; lastKnownFileType = image.png; path = "ipad-button-change-photo.png"; sourceTree = "<group>"; };
		1CA0C59515402E2F0095D617 /* ipad-button-change-photo@2x.png */ = {isa = PBXFileReference; lastKnownFileType = image.png; path = "ipad-button-change-photo@2x.png"; sourceTree = "<group>"; };
		1CA1BCE2152E80F2003AE721 /* OFAlgorithmHandler.h */ = {isa = PBXFileReference; fileEncoding = 4; lastKnownFileType = sourcecode.c.h; name = OFAlgorithmHandler.h; path = ImgProc/OFAlgorithmHandler.h; sourceTree = "<group>"; };
		1CA1BCE3152E80F2003AE721 /* OFAlgorithmHandler.m */ = {isa = PBXFileReference; fileEncoding = 4; lastKnownFileType = sourcecode.c.objc; name = OFAlgorithmHandler.m; path = ImgProc/OFAlgorithmHandler.m; sourceTree = "<group>"; };
		1CA1BCE5152E9447003AE721 /* OFAlgorithmAttributes.h */ = {isa = PBXFileReference; fileEncoding = 4; lastKnownFileType = sourcecode.c.h; name = OFAlgorithmAttributes.h; path = ImgProc/OFAlgorithmAttributes.h; sourceTree = "<group>"; };
		1CA1BCE6152E9447003AE721 /* OFAlgorithmAttributes.m */ = {isa = PBXFileReference; fileEncoding = 4; lastKnownFileType = sourcecode.c.objc; name = OFAlgorithmAttributes.m; path = ImgProc/OFAlgorithmAttributes.m; sourceTree = "<group>"; };
		1CA1BCEC152FADFC003AE721 /* OFAlgorithmScrollViewController.h */ = {isa = PBXFileReference; fileEncoding = 4; lastKnownFileType = sourcecode.c.h; path = OFAlgorithmScrollViewController.h; sourceTree = "<group>"; };
		1CA1BCED152FADFC003AE721 /* OFAlgorithmScrollViewController.m */ = {isa = PBXFileReference; fileEncoding = 4; lastKnownFileType = sourcecode.c.objc; path = OFAlgorithmScrollViewController.m; sourceTree = "<group>"; };
		1CC0BB3714F48AE50087F45B /* MobileCoreServices.framework */ = {isa = PBXFileReference; lastKnownFileType = wrapper.framework; name = MobileCoreServices.framework; path = System/Library/Frameworks/MobileCoreServices.framework; sourceTree = SDKROOT; };
		1CC5B6D0151AE7370073AAED /* UIImage-Extensions.h */ = {isa = PBXFileReference; fileEncoding = 4; lastKnownFileType = sourcecode.c.h; name = "UIImage-Extensions.h"; path = "ImgProc/UIImage-Extensions.h"; sourceTree = "<group>"; };
		1CC5B6D1151AE7370073AAED /* UIImage-Extensions.m */ = {isa = PBXFileReference; fileEncoding = 4; lastKnownFileType = sourcecode.c.objc; name = "UIImage-Extensions.m"; path = "ImgProc/UIImage-Extensions.m"; sourceTree = "<group>"; };
		1CEF6B40150BD17D00021907 /* OFAlgorithmControlsView.h */ = {isa = PBXFileReference; fileEncoding = 4; lastKnownFileType = sourcecode.c.h; path = OFAlgorithmControlsView.h; sourceTree = "<group>"; };
		1CEF6B41150BD17D00021907 /* OFAlgorithmControlsView.m */ = {isa = PBXFileReference; fileEncoding = 4; lastKnownFileType = sourcecode.c.objc; path = OFAlgorithmControlsView.m; sourceTree = "<group>"; };
		1CFFFC35153A2C77000E362F /* cassius.png */ = {isa = PBXFileReference; lastKnownFileType = image.png; path = cassius.png; sourceTree = "<group>"; };
		1CFFFC36153A2C77000E362F /* cassius@2x.png */ = {isa = PBXFileReference; lastKnownFileType = image.png; path = "cassius@2x.png"; sourceTree = "<group>"; };
		1CFFFC39153A2D47000E362F /* flatiron.png */ = {isa = PBXFileReference; lastKnownFileType = image.png; path = flatiron.png; sourceTree = "<group>"; };
		1CFFFC3A153A2D47000E362F /* flatiron@2x.png */ = {isa = PBXFileReference; lastKnownFileType = image.png; path = "flatiron@2x.png"; sourceTree = "<group>"; };
/* End PBXFileReference section */

/* Begin PBXFrameworksBuildPhase section */
		1C99998314D8CA9B00451D60 /* Frameworks */ = {
			isa = PBXFrameworksBuildPhase;
			buildActionMask = 2147483647;
			files = (
				1C99998F14D8CA9C00451D60 /* CoreGraphics.framework in Frameworks */,
				1C71E08B15184B7E00211D8A /* CoreVideo.framework in Frameworks */,
				1C71E08915184B7800211D8A /* CoreMedia.framework in Frameworks */,
				1C71E08715184B6A00211D8A /* MediaPlayer.framework in Frameworks */,
				1C71E08515184B6100211D8A /* QuartzCore.framework in Frameworks */,
				1C71E08315184B5900211D8A /* ImageIO.framework in Frameworks */,
				1C71E08115184B4B00211D8A /* AssetsLibrary.framework in Frameworks */,
				1CC0BB3814F48AE50087F45B /* MobileCoreServices.framework in Frameworks */,
				1C71E07F15184B1D00211D8A /* AVFoundation.framework in Frameworks */,
				1C99998B14D8CA9C00451D60 /* UIKit.framework in Frameworks */,
				1C99998D14D8CA9C00451D60 /* Foundation.framework in Frameworks */,
			);
			runOnlyForDeploymentPostprocessing = 0;
		};
/* End PBXFrameworksBuildPhase section */

/* Begin PBXGroup section */
		1C144B7B154085CB00A64BE2 /* Icons */ = {
			isa = PBXGroup;
			children = (
				1C144B7D154085D500A64BE2 /* Icon-72.png */,
				1C144B7E154085D500A64BE2 /* Icon-Small.png */,
				1C144B7F154085D500A64BE2 /* Icon.png */,
				1C144B80154085D500A64BE2 /* Icon@2x.png */,
			);
			name = Icons;
			sourceTree = "<group>";
		};
		1C18534B14FD8D7B00F86CFB /* Helpers */ = {
			isa = PBXGroup;
			children = (
				1CDA89E515150D56002B07D1 /* Video */,
				1C9614AA1502C18E00AFFF9A /* Image */,
				1C73F20914F7393600DD1DA4 /* Constants.h */,
				1C73F20A14F7393600DD1DA4 /* Constants.m */,
				1C8AC4FA154750F4006857B7 /* OFImageProcHelperFunctions.h */,
				1C8AC4FB154750F4006857B7 /* OFImageProcHelperFunctions.m */,
				1C73F20C14F835D500DD1DA4 /* OFHelperFunctions.h */,
				1C73F20D14F835D500DD1DA4 /* OFHelperFunctions.m */,
				1CA1BCE2152E80F2003AE721 /* OFAlgorithmHandler.h */,
				1CA1BCE3152E80F2003AE721 /* OFAlgorithmHandler.m */,
				1CA1BCE5152E9447003AE721 /* OFAlgorithmAttributes.h */,
				1CA1BCE6152E9447003AE721 /* OFAlgorithmAttributes.m */,
			);
			name = Helpers;
			sourceTree = "<group>";
		};
		1C6BE219153E20510064D7F5 /* ImProc */ = {
			isa = PBXGroup;
			children = (
				1C6BE21A153E20520064D7F5 /* .directory */,
				1C6BE21C153E20520064D7F5 /* ImProc_Base.c */,
				1C6BE21D153E20520064D7F5 /* ImProc_Base.h */,
				1C6BE21E153E20520064D7F5 /* ImProc_Color.c */,
				1C6BE21F153E20520064D7F5 /* ImProc_Color.h */,
				1C6BE220153E20520064D7F5 /* ImProc_Convolve.c */,
				1C6BE221153E20520064D7F5 /* ImProc_Convolve.h */,
				1C6BE222153E20520064D7F5 /* ImProc_Edges.c */,
				1C6BE223153E20520064D7F5 /* ImProc_Edges.h */,
				1C6BE224153E20520064D7F5 /* ImProc_Effects.c */,
				1C6BE225153E20520064D7F5 /* ImProc_Effects.h */,
				1C6BE226153E20520064D7F5 /* ImProc_Filters.c */,
				1C6BE227153E20520064D7F5 /* ImProc_Filters.h */,
				1C6BE228153E20520064D7F5 /* ImProc_Histogram.c */,
				1C6BE229153E20520064D7F5 /* ImProc_Histogram.h */,
				1C6BE22A153E20520064D7F5 /* ImProc_Utils.c */,
				1C6BE22B153E20520064D7F5 /* ImProc_Utils.h */,
			);
			path = ImProc;
			sourceTree = "<group>";
		};
		1C73632C1548C13800DA1E46 /* Instruction Overlays */ = {
			isa = PBXGroup;
			children = (
				1C7363311549437F00DA1E46 /* instruction_overlay_iphone.png */,
				1C7363321549437F00DA1E46 /* instruction_overlay_iphone@2x.png */,
				1C73632D1548C14500DA1E46 /* instruction_overlay_ipad.png */,
				1C73632E1548C14500DA1E46 /* instruction_overlay_ipad@2x.png */,
			);
			name = "Instruction Overlays";
			sourceTree = "<group>";
		};
		1C9614AA1502C18E00AFFF9A /* Image */ = {
			isa = PBXGroup;
			children = (
				1C8AC4F5154750D1006857B7 /* ImageConverter.h */,
				1C8AC4F7154750DF006857B7 /* ImageConverter.m */,
				1C8AC4F9154750E8006857B7 /* GraphicsCommon.h */,
				1CC5B6D0151AE7370073AAED /* UIImage-Extensions.h */,
				1CC5B6D1151AE7370073AAED /* UIImage-Extensions.m */,
			);
			name = Image;
			sourceTree = "<group>";
		};
		1C9614BD1502D8D200AFFF9A /* Buttons */ = {
			isa = PBXGroup;
			children = (
				1C144B7B154085CB00A64BE2 /* Icons */,
				1CA0C51B153FE8A30095D617 /* iPhone Buttons */,
				1CA0C516153FE18B0095D617 /* iPad Buttons */,
			);
			name = Buttons;
			sourceTree = "<group>";
		};
		1C99997B14D8CA9B00451D60 = {
			isa = PBXGroup;
			children = (
				1C71E0661517EB9F00211D8A /* ToDo.txt */,
				1C99999914D8CA9C00451D60 /* OFAppDelegate.h */,
				1C99999A14D8CA9C00451D60 /* OFAppDelegate.m */,
				1C9999B314D8F62800451D60 /* Resources */,
				1C99999014D8CA9C00451D60 /* ViewControllers */,
				1C18534B14FD8D7B00F86CFB /* Helpers */,
				1C6BE219153E20510064D7F5 /* ImProc */,
				1C99999114D8CA9C00451D60 /* Supporting Files */,
				1C99998914D8CA9C00451D60 /* Frameworks */,
				1C99998714D8CA9C00451D60 /* Products */,
			);
			sourceTree = "<group>";
		};
		1C99998714D8CA9C00451D60 /* Products */ = {
			isa = PBXGroup;
			children = (
				1C99998614D8CA9C00451D60 /* ImgProc.app */,
			);
			name = Products;
			sourceTree = "<group>";
		};
		1C99998914D8CA9C00451D60 /* Frameworks */ = {
			isa = PBXGroup;
			children = (
				1C71E08A15184B7D00211D8A /* CoreVideo.framework */,
				1C71E08815184B7700211D8A /* CoreMedia.framework */,
				1C71E08615184B6A00211D8A /* MediaPlayer.framework */,
				1C71E08415184B6000211D8A /* QuartzCore.framework */,
				1C71E08215184B5900211D8A /* ImageIO.framework */,
				1C71E08015184B4B00211D8A /* AssetsLibrary.framework */,
				1C71E07E15184B1D00211D8A /* AVFoundation.framework */,
				1CC0BB3714F48AE50087F45B /* MobileCoreServices.framework */,
				1C99998A14D8CA9C00451D60 /* UIKit.framework */,
				1C99998C14D8CA9C00451D60 /* Foundation.framework */,
				1C99998E14D8CA9C00451D60 /* CoreGraphics.framework */,
			);
			name = Frameworks;
			sourceTree = "<group>";
		};
		1C99999014D8CA9C00451D60 /* ViewControllers */ = {
			isa = PBXGroup;
			children = (
				1C73F1FC14F6015900DD1DA4 /* OFPhotoView.h */,
				1C73F1FD14F6015900DD1DA4 /* OFPhotoView.m */,
				1C9999A114D8CB9800451D60 /* OFMainViewController.h */,
				1C9999A214D8CB9800451D60 /* OFMainViewController.m */,
				1CEF6B40150BD17D00021907 /* OFAlgorithmControlsView.h */,
				1CEF6B41150BD17D00021907 /* OFAlgorithmControlsView.m */,
				1CA1BCEC152FADFC003AE721 /* OFAlgorithmScrollViewController.h */,
				1CA1BCED152FADFC003AE721 /* OFAlgorithmScrollViewController.m */,
				1C7363281548B14100DA1E46 /* OFInstructionImageView.h */,
				1C7363291548B14100DA1E46 /* OFInstructionImagesView.m */,
			);
			name = ViewControllers;
			path = ImgProc;
			sourceTree = "<group>";
		};
		1C99999114D8CA9C00451D60 /* Supporting Files */ = {
			isa = PBXGroup;
			children = (
				1C99999214D8CA9C00451D60 /* ImgProc-Info.plist */,
				1C99999314D8CA9C00451D60 /* InfoPlist.strings */,
				1C99999614D8CA9C00451D60 /* main.m */,
				1C99999814D8CA9C00451D60 /* ImgProc-Prefix.pch */,
			);
			name = "Supporting Files";
			path = ImgProc;
			sourceTree = "<group>";
		};
		1C9999B314D8F62800451D60 /* Resources */ = {
			isa = PBXGroup;
			children = (
				1C73632C1548C13800DA1E46 /* Instruction Overlays */,
				1C9614BD1502D8D200AFFF9A /* Buttons */,
				1CFFFC35153A2C77000E362F /* cassius.png */,
				1CFFFC36153A2C77000E362F /* cassius@2x.png */,
				1CA0C548154005A90095D617 /* dog-frisbee.png */,
				1CA0C549154005A90095D617 /* dog-frisbee@2x.png */,
				1CFFFC39153A2D47000E362F /* flatiron.png */,
				1CFFFC3A153A2D47000E362F /* flatiron@2x.png */,
				1CA0C51E153FF6430095D617 /* toms.png */,
				1CA0C51F153FF6430095D617 /* toms@2x.png */,
				1CA0C524153FFB3C0095D617 /* typography@2x.png */,
				1CA0C525153FFB3D0095D617 /* typography.png */,
				1CA0C528153FFB3D0095D617 /* rally-2.png */,
				1CA0C529153FFB3D0095D617 /* rally-2@2x.png */,
				1CA0C52A153FFB3D0095D617 /* rally.png */,
				1CA0C52B153FFB3D0095D617 /* rally@2x.png */,
				1CA0C52C153FFB3D0095D617 /* fruit.png */,
				1CA0C52D153FFB3D0095D617 /* fruit@2x.png */,
				1CA0C5441540049A0095D617 /* jupiter.png */,
				1CA0C5451540049A0095D617 /* jupiter@2x.png */,
			);
			name = Resources;
			sourceTree = "<group>";
		};
		1CA0C516153FE18B0095D617 /* iPad Buttons */ = {
			isa = PBXGroup;
			children = (
				1C144B851540C8F100A64BE2 /* ipad-button-change-photo-2.png */,
				1C144B861540C8F100A64BE2 /* ipad-button-change-photo-2@2x.png */,
				1CA0C59415402E2F0095D617 /* ipad-button-change-photo.png */,
				1CA0C59515402E2F0095D617 /* ipad-button-change-photo@2x.png */,
				1CA0C58015401E5D0095D617 /* ipad-button-sketch.png */,
				1CA0C58115401E5D0095D617 /* ipad-button-sketch@2x.png */,
				1CA0C56C154017BE0095D617 /* ipad-button-cartoon.png */,
				1CA0C56D154017BE0095D617 /* ipad-button-cartoon@2x.png */,
				1CA0C56E154017BE0095D617 /* ipad-button-posterize.png */,
				1CA0C56F154017BE0095D617 /* ipad-button-posterize@2x.png */,
				1CA0C570154017BE0095D617 /* ipad-button-sharp.png */,
				1CA0C571154017BE0095D617 /* ipad-button-sharp@2x.png */,
				1C144B891540CCA100A64BE2 /* ipad-button-static.png */,
				1C144B8A1540CCA100A64BE2 /* ipad-button-static@2x.png */,
				1CA0C572154017BE0095D617 /* ipad-button-blur.png */,
				1CA0C573154017BE0095D617 /* ipad-button-blur@2x.png */,
				1CA0C584154029920095D617 /* ipad-button-noise-reduction.png */,
				1CA0C585154029920095D617 /* ipad-button-noise-reduction@2x.png */,
				1CA0C586154029920095D617 /* ipad-button-erode.png */,
				1CA0C587154029920095D617 /* ipad-button-erode@2x.png */,
				1CA0C588154029920095D617 /* ipad-button-dilate.png */,
				1CA0C589154029920095D617 /* ipad-button-dilate@2x.png */,
				1CA0C5541540108D0095D617 /* ipad-button-brightness.png */,
				1CA0C5551540108D0095D617 /* ipad-button-brightness@2x.png */,
				1CA0C5561540108D0095D617 /* ipad-button-fast-edges.png */,
				1CA0C5571540108D0095D617 /* ipad-button-fast-edges@2x.png */,
				1CA0C5581540108D0095D617 /* ipad-button-gamma.png */,
				1CA0C5591540108D0095D617 /* ipad-button-gamma@2x.png */,
				1CA0C55A1540108D0095D617 /* ipad-button-gradient-magnitude.png */,
				1CA0C55B1540108D0095D617 /* ipad-button-gradient-magnitude@2x.png */,
				1CA0C55C1540108D0095D617 /* ipad-button-sobel-edges.png */,
				1CA0C55D1540108D0095D617 /* ipad-button-sobel-edges@2x.png */,
				1CA0C55E1540108D0095D617 /* ipad-button-threshold.png */,
				1CA0C55F1540108D0095D617 /* ipad-button-threshold@2x.png */,
				1CA0C55015400A700095D617 /* ipad-button-contrast.png */,
				1CA0C55115400A700095D617 /* ipad-button-contrast@2x.png */,
				1CA0C517153FE1950095D617 /* ipad-button-demo.png */,
				1CA0C518153FE1950095D617 /* ipad-button-demo@2x.png */,
				1CA0C54C154008860095D617 /* ipad-button-invert.png */,
				1CA0C54D154008860095D617 /* ipad-button-invert@2x.png */,
			);
			name = "iPad Buttons";
			sourceTree = "<group>";
		};
		1CA0C51B153FE8A30095D617 /* iPhone Buttons */ = {
			isa = PBXGroup;
			children = (
				1CA0C59015402E220095D617 /* button-demo-photos.png */,
				1CA0C59115402E220095D617 /* button-demo-photos@2x.png */,
				1C6BE250153E4D0E0064D7F5 /* sobel-button.png */,
				1C6BE251153E4D0E0064D7F5 /* sobel-button@2x.png */,
				1C6BE238153E4BD60064D7F5 /* noise-reduction-button.png */,
				1C6BE239153E4BD60064D7F5 /* noise-reduction-button@2x.png */,
				1C6BE23A153E4BD60064D7F5 /* dilate-button.png */,
				1C6BE23B153E4BD60064D7F5 /* dilate-button@2x.png */,
				1C6BE23C153E4BD60064D7F5 /* erode-button.png */,
				1C6BE23D153E4BD60064D7F5 /* erode-button@2x.png */,
				1CA0C57C15401DE00095D617 /* sketch-button.png */,
				1CA0C57D15401DE00095D617 /* sketch-button@2x.png */,
				1C6BE240153E4BD60064D7F5 /* posterize-button.png */,
				1C6BE241153E4BD60064D7F5 /* posterize-button@2x.png */,
				1C6BE242153E4BD60064D7F5 /* cartoon-button.png */,
				1C6BE243153E4BD60064D7F5 /* cartoon-button@2x.png */,
				1C3D98981532CFDB00A7CA8A /* button-demo.png */,
				1C3D98991532CFDB00A7CA8A /* button-demo@2x.png */,
				1C352FEF152BFCF000A95B29 /* blur-button.png */,
				1C3D98A21534805200A7CA8A /* blur-button@2x.png */,
				1C71E06C1517FEEE00211D8A /* brightness-button.png */,
				1C3D98A31534805200A7CA8A /* brightness-button@2x.png */,
				1C71E06A1517FE1F00211D8A /* contrast-button.png */,
				1C3D98A41534805200A7CA8A /* contrast-button@2x.png */,
				1C144B8D1540CCB100A64BE2 /* static-button.png */,
				1C144B8E1540CCB100A64BE2 /* static-button@2x.png */,
				1C352FEA152BFC0800A95B29 /* edges-button.png */,
				1C3D98A51534805200A7CA8A /* edges-button@2x.png */,
				1C71E0701518006C00211D8A /* gamma-button.png */,
				1C3D98A71534805200A7CA8A /* gamma-button@2x.png */,
				1C352FEB152BFC0800A95B29 /* gradient-magnitude-button.png */,
				1C3D98A81534805200A7CA8A /* gradient-magnitude-button@2x.png */,
				1C9614B91502D8CD00AFFF9A /* invert-button.png */,
				1C3D98A91534805200A7CA8A /* invert-button@2x.png */,
				1C352FF0152BFCF000A95B29 /* sharpen-button.png */,
				1C3D98B2153480C300A7CA8A /* sharpen-button@2x.png */,
				1C71E06E1517FFBD00211D8A /* threshold-button.png */,
				1C3D98B3153480C300A7CA8A /* threshold-button@2x.png */,
				1C18534814FCB64100F86CFB /* grayscale-button.png */,
			);
			name = "iPhone Buttons";
			sourceTree = "<group>";
		};
		1CDA89E515150D56002B07D1 /* Video */ = {
			isa = PBXGroup;
			children = (
				1C71E08C15190F6900211D8A /* OFLiveVideoHandler.h */,
				1C71E08D15190F6900211D8A /* OFLiveVideoHandler.m */,
			);
			name = Video;
			sourceTree = "<group>";
		};
/* End PBXGroup section */

/* Begin PBXNativeTarget section */
		1C99998514D8CA9B00451D60 /* ImgProc */ = {
			isa = PBXNativeTarget;
			buildConfigurationList = 1C99999E14D8CA9C00451D60 /* Build configuration list for PBXNativeTarget "ImgProc" */;
			buildPhases = (
				1C99998214D8CA9B00451D60 /* Sources */,
				1C99998314D8CA9B00451D60 /* Frameworks */,
				1C99998414D8CA9B00451D60 /* Resources */,
			);
			buildRules = (
			);
			dependencies = (
			);
			name = ImgProc;
			productName = ImgProc;
			productReference = 1C99998614D8CA9C00451D60 /* ImgProc.app */;
			productType = "com.apple.product-type.application";
		};
/* End PBXNativeTarget section */

/* Begin PBXProject section */
		1C99997D14D8CA9B00451D60 /* Project object */ = {
			isa = PBXProject;
			attributes = {
				LastUpgradeCheck = 0430;
				ORGANIZATIONNAME = "University of Utah";
			};
			buildConfigurationList = 1C99998014D8CA9B00451D60 /* Build configuration list for PBXProject "ImgProc" */;
			compatibilityVersion = "Xcode 3.2";
			developmentRegion = English;
			hasScannedForEncodings = 0;
			knownRegions = (
				en,
			);
			mainGroup = 1C99997B14D8CA9B00451D60;
			productRefGroup = 1C99998714D8CA9C00451D60 /* Products */;
			projectDirPath = "";
			projectRoot = "";
			targets = (
				1C99998514D8CA9B00451D60 /* ImgProc */,
			);
		};
/* End PBXProject section */

/* Begin PBXResourcesBuildPhase section */
		1C99998414D8CA9B00451D60 /* Resources */ = {
			isa = PBXResourcesBuildPhase;
			buildActionMask = 2147483647;
			files = (
				1C99999514D8CA9C00451D60 /* InfoPlist.strings in Resources */,
				1C18534A14FCB64100F86CFB /* grayscale-button.png in Resources */,
				1C9614BB1502D8CD00AFFF9A /* invert-button.png in Resources */,
				1C71E0671517EBA000211D8A /* ToDo.txt in Resources */,
				1C71E06B1517FE1F00211D8A /* contrast-button.png in Resources */,
				1C71E06D1517FEEE00211D8A /* brightness-button.png in Resources */,
				1C71E06F1517FFBD00211D8A /* threshold-button.png in Resources */,
				1C71E0711518006C00211D8A /* gamma-button.png in Resources */,
				1C352FEC152BFC0800A95B29 /* edges-button.png in Resources */,
				1C352FED152BFC0800A95B29 /* gradient-magnitude-button.png in Resources */,
				1C352FF1152BFCF000A95B29 /* blur-button.png in Resources */,
				1C352FF2152BFCF000A95B29 /* sharpen-button.png in Resources */,
				1C3D989A1532CFDB00A7CA8A /* button-demo.png in Resources */,
				1C3D989B1532CFDB00A7CA8A /* button-demo@2x.png in Resources */,
				1C3D98AA1534805200A7CA8A /* blur-button@2x.png in Resources */,
				1C3D98AB1534805200A7CA8A /* brightness-button@2x.png in Resources */,
				1C3D98AC1534805200A7CA8A /* contrast-button@2x.png in Resources */,
				1C3D98AD1534805200A7CA8A /* edges-button@2x.png in Resources */,
				1C3D98AF1534805200A7CA8A /* gamma-button@2x.png in Resources */,
				1C3D98B01534805200A7CA8A /* gradient-magnitude-button@2x.png in Resources */,
				1C3D98B11534805200A7CA8A /* invert-button@2x.png in Resources */,
				1C3D98B4153480C300A7CA8A /* sharpen-button@2x.png in Resources */,
				1C3D98B5153480C300A7CA8A /* threshold-button@2x.png in Resources */,
				1CFFFC37153A2C77000E362F /* cassius.png in Resources */,
				1CFFFC38153A2C77000E362F /* cassius@2x.png in Resources */,
				1CFFFC3B153A2D47000E362F /* flatiron.png in Resources */,
				1CFFFC3C153A2D47000E362F /* flatiron@2x.png in Resources */,
				1C6BE22D153E20520064D7F5 /* .directory in Resources */,
				1C6BE244153E4BD60064D7F5 /* noise-reduction-button.png in Resources */,
				1C6BE245153E4BD60064D7F5 /* noise-reduction-button@2x.png in Resources */,
				1C6BE246153E4BD60064D7F5 /* dilate-button.png in Resources */,
				1C6BE247153E4BD60064D7F5 /* dilate-button@2x.png in Resources */,
				1C6BE248153E4BD60064D7F5 /* erode-button.png in Resources */,
				1C6BE249153E4BD60064D7F5 /* erode-button@2x.png in Resources */,
				1C6BE24C153E4BD60064D7F5 /* posterize-button.png in Resources */,
				1C6BE24D153E4BD60064D7F5 /* posterize-button@2x.png in Resources */,
				1C6BE24E153E4BD60064D7F5 /* cartoon-button.png in Resources */,
				1C6BE24F153E4BD60064D7F5 /* cartoon-button@2x.png in Resources */,
				1C6BE252153E4D0E0064D7F5 /* sobel-button.png in Resources */,
				1C6BE253153E4D0E0064D7F5 /* sobel-button@2x.png in Resources */,
				1CA0C519153FE1950095D617 /* ipad-button-demo.png in Resources */,
				1CA0C51A153FE1950095D617 /* ipad-button-demo@2x.png in Resources */,
				1CA0C522153FF6430095D617 /* toms.png in Resources */,
				1CA0C523153FF6430095D617 /* toms@2x.png in Resources */,
				1CA0C52E153FFB3D0095D617 /* typography@2x.png in Resources */,
				1CA0C52F153FFB3D0095D617 /* typography.png in Resources */,
				1CA0C532153FFB3D0095D617 /* rally-2.png in Resources */,
				1CA0C533153FFB3D0095D617 /* rally-2@2x.png in Resources */,
				1CA0C534153FFB3D0095D617 /* rally.png in Resources */,
				1CA0C535153FFB3D0095D617 /* rally@2x.png in Resources */,
				1CA0C536153FFB3D0095D617 /* fruit.png in Resources */,
				1CA0C537153FFB3D0095D617 /* fruit@2x.png in Resources */,
				1CA0C5461540049A0095D617 /* jupiter.png in Resources */,
				1CA0C5471540049A0095D617 /* jupiter@2x.png in Resources */,
				1CA0C54A154005A90095D617 /* dog-frisbee.png in Resources */,
				1CA0C54B154005A90095D617 /* dog-frisbee@2x.png in Resources */,
				1CA0C54E154008860095D617 /* ipad-button-invert.png in Resources */,
				1CA0C54F154008860095D617 /* ipad-button-invert@2x.png in Resources */,
				1CA0C55215400A700095D617 /* ipad-button-contrast.png in Resources */,
				1CA0C55315400A700095D617 /* ipad-button-contrast@2x.png in Resources */,
				1CA0C5601540108D0095D617 /* ipad-button-brightness.png in Resources */,
				1CA0C5611540108D0095D617 /* ipad-button-brightness@2x.png in Resources */,
				1CA0C5621540108D0095D617 /* ipad-button-fast-edges.png in Resources */,
				1CA0C5631540108D0095D617 /* ipad-button-fast-edges@2x.png in Resources */,
				1CA0C5641540108D0095D617 /* ipad-button-gamma.png in Resources */,
				1CA0C5651540108D0095D617 /* ipad-button-gamma@2x.png in Resources */,
				1CA0C5661540108D0095D617 /* ipad-button-gradient-magnitude.png in Resources */,
				1CA0C5671540108D0095D617 /* ipad-button-gradient-magnitude@2x.png in Resources */,
				1CA0C5681540108D0095D617 /* ipad-button-sobel-edges.png in Resources */,
				1CA0C5691540108D0095D617 /* ipad-button-sobel-edges@2x.png in Resources */,
				1CA0C56A1540108D0095D617 /* ipad-button-threshold.png in Resources */,
				1CA0C56B1540108D0095D617 /* ipad-button-threshold@2x.png in Resources */,
				1CA0C574154017BE0095D617 /* ipad-button-cartoon.png in Resources */,
				1CA0C575154017BE0095D617 /* ipad-button-cartoon@2x.png in Resources */,
				1CA0C576154017BE0095D617 /* ipad-button-posterize.png in Resources */,
				1CA0C577154017BE0095D617 /* ipad-button-posterize@2x.png in Resources */,
				1CA0C578154017BE0095D617 /* ipad-button-sharp.png in Resources */,
				1CA0C579154017BE0095D617 /* ipad-button-sharp@2x.png in Resources */,
				1CA0C57A154017BE0095D617 /* ipad-button-blur.png in Resources */,
				1CA0C57B154017BE0095D617 /* ipad-button-blur@2x.png in Resources */,
				1CA0C57E15401DE00095D617 /* sketch-button.png in Resources */,
				1CA0C57F15401DE00095D617 /* sketch-button@2x.png in Resources */,
				1CA0C58215401E5D0095D617 /* ipad-button-sketch.png in Resources */,
				1CA0C58315401E5D0095D617 /* ipad-button-sketch@2x.png in Resources */,
				1CA0C58A154029920095D617 /* ipad-button-noise-reduction.png in Resources */,
				1CA0C58B154029920095D617 /* ipad-button-noise-reduction@2x.png in Resources */,
				1CA0C58C154029920095D617 /* ipad-button-erode.png in Resources */,
				1CA0C58D154029920095D617 /* ipad-button-erode@2x.png in Resources */,
				1CA0C58E154029920095D617 /* ipad-button-dilate.png in Resources */,
				1CA0C58F154029920095D617 /* ipad-button-dilate@2x.png in Resources */,
				1CA0C59215402E220095D617 /* button-demo-photos.png in Resources */,
				1CA0C59315402E220095D617 /* button-demo-photos@2x.png in Resources */,
				1CA0C59615402E2F0095D617 /* ipad-button-change-photo.png in Resources */,
				1CA0C59715402E2F0095D617 /* ipad-button-change-photo@2x.png in Resources */,
				1C144B81154085D500A64BE2 /* Icon-72.png in Resources */,
				1C144B82154085D500A64BE2 /* Icon-Small.png in Resources */,
				1C144B83154085D500A64BE2 /* Icon.png in Resources */,
				1C144B84154085D500A64BE2 /* Icon@2x.png in Resources */,
				1C144B871540C8F100A64BE2 /* ipad-button-change-photo-2.png in Resources */,
				1C144B881540C8F100A64BE2 /* ipad-button-change-photo-2@2x.png in Resources */,
				1C144B8B1540CCA100A64BE2 /* ipad-button-static.png in Resources */,
				1C144B8C1540CCA100A64BE2 /* ipad-button-static@2x.png in Resources */,
				1C144B8F1540CCB100A64BE2 /* static-button.png in Resources */,
				1C144B901540CCB100A64BE2 /* static-button@2x.png in Resources */,
				1C73632F1548C14500DA1E46 /* instruction_overlay_ipad.png in Resources */,
				1C7363301548C14500DA1E46 /* instruction_overlay_ipad@2x.png in Resources */,
				1C7363331549437F00DA1E46 /* instruction_overlay_iphone.png in Resources */,
				1C7363341549437F00DA1E46 /* instruction_overlay_iphone@2x.png in Resources */,
			);
			runOnlyForDeploymentPostprocessing = 0;
		};
/* End PBXResourcesBuildPhase section */

/* Begin PBXSourcesBuildPhase section */
		1C99998214D8CA9B00451D60 /* Sources */ = {
			isa = PBXSourcesBuildPhase;
			buildActionMask = 2147483647;
			files = (
				1C99999714D8CA9C00451D60 /* main.m in Sources */,
				1C99999B14D8CA9C00451D60 /* OFAppDelegate.m in Sources */,
				1C9999A314D8CB9800451D60 /* OFMainViewController.m in Sources */,
				1C73F1FE14F6015900DD1DA4 /* OFPhotoView.m in Sources */,
				1C73F20B14F7393600DD1DA4 /* Constants.m in Sources */,
				1C73F20E14F835D500DD1DA4 /* OFHelperFunctions.m in Sources */,
				1CEF6B42150BD17D00021907 /* OFAlgorithmControlsView.m in Sources */,
				1C71E08E15190F6900211D8A /* OFLiveVideoHandler.m in Sources */,
				1CC5B6D2151AE7370073AAED /* UIImage-Extensions.m in Sources */,
				1CA1BCE4152E80F2003AE721 /* OFAlgorithmHandler.m in Sources */,
				1CA1BCE7152E9447003AE721 /* OFAlgorithmAttributes.m in Sources */,
				1CA1BCEE152FADFC003AE721 /* OFAlgorithmScrollViewController.m in Sources */,
				1C6BE22F153E20520064D7F5 /* ImProc_Base.c in Sources */,
				1C6BE230153E20520064D7F5 /* ImProc_Color.c in Sources */,
				1C6BE231153E20520064D7F5 /* ImProc_Convolve.c in Sources */,
				1C6BE232153E20520064D7F5 /* ImProc_Edges.c in Sources */,
				1C6BE233153E20520064D7F5 /* ImProc_Effects.c in Sources */,
				1C6BE234153E20520064D7F5 /* ImProc_Filters.c in Sources */,
				1C6BE235153E20520064D7F5 /* ImProc_Histogram.c in Sources */,
				1C6BE236153E20520064D7F5 /* ImProc_Utils.c in Sources */,
				1C8AC4F8154750DF006857B7 /* ImageConverter.m in Sources */,
				1C73632A1548B14100DA1E46 /* OFInstructionImagesView.m in Sources */,
			);
			runOnlyForDeploymentPostprocessing = 0;
		};
/* End PBXSourcesBuildPhase section */

/* Begin PBXVariantGroup section */
		1C99999314D8CA9C00451D60 /* InfoPlist.strings */ = {
			isa = PBXVariantGroup;
			children = (
				1C99999414D8CA9C00451D60 /* en */,
			);
			name = InfoPlist.strings;
			sourceTree = "<group>";
		};
/* End PBXVariantGroup section */

/* Begin XCBuildConfiguration section */
		1C99999C14D8CA9C00451D60 /* Debug */ = {
			isa = XCBuildConfiguration;
			buildSettings = {
				ALWAYS_SEARCH_USER_PATHS = NO;
				ARCHS = "$(ARCHS_STANDARD_32_BIT)";
				"CODE_SIGN_IDENTITY[sdk=iphoneos*]" = "iPhone Developer";
				COPY_PHASE_STRIP = NO;
				GCC_C_LANGUAGE_STANDARD = gnu99;
				GCC_DYNAMIC_NO_PIC = NO;
				GCC_OPTIMIZATION_LEVEL = 0;
				GCC_PREPROCESSOR_DEFINITIONS = (
					"DEBUG=1",
					"$(inherited)",
				);
				GCC_SYMBOLS_PRIVATE_EXTERN = NO;
				GCC_VERSION = com.apple.compilers.llvm.clang.1_0;
				GCC_WARN_ABOUT_MISSING_PROTOTYPES = YES;
				GCC_WARN_ABOUT_RETURN_TYPE = YES;
				GCC_WARN_UNUSED_VARIABLE = YES;
				IPHONEOS_DEPLOYMENT_TARGET = 5.0;
				SDKROOT = iphoneos;
				TARGETED_DEVICE_FAMILY = "1,2";
			};
			name = Debug;
		};
		1C99999D14D8CA9C00451D60 /* Release */ = {
			isa = XCBuildConfiguration;
			buildSettings = {
				ALWAYS_SEARCH_USER_PATHS = NO;
				ARCHS = "$(ARCHS_STANDARD_32_BIT)";
				"CODE_SIGN_IDENTITY[sdk=iphoneos*]" = "iPhone Developer";
				COPY_PHASE_STRIP = YES;
				GCC_C_LANGUAGE_STANDARD = gnu99;
				GCC_VERSION = com.apple.compilers.llvm.clang.1_0;
				GCC_WARN_ABOUT_MISSING_PROTOTYPES = YES;
				GCC_WARN_ABOUT_RETURN_TYPE = YES;
				GCC_WARN_UNUSED_VARIABLE = YES;
				IPHONEOS_DEPLOYMENT_TARGET = 5.0;
				OTHER_CFLAGS = "-DNS_BLOCK_ASSERTIONS=1";
				SDKROOT = iphoneos;
				TARGETED_DEVICE_FAMILY = "1,2";
				VALIDATE_PRODUCT = YES;
			};
			name = Release;
		};
		1C99999F14D8CA9C00451D60 /* Debug */ = {
			isa = XCBuildConfiguration;
			buildSettings = {
				GCC_PRECOMPILE_PREFIX_HEADER = YES;
				GCC_PREFIX_HEADER = "ImgProc/ImgProc-Prefix.pch";
				INFOPLIST_FILE = "ImgProc/ImgProc-Info.plist";
				PRODUCT_NAME = "$(TARGET_NAME)";
				WRAPPER_EXTENSION = app;
			};
			name = Debug;
		};
		1C9999A014D8CA9C00451D60 /* Release */ = {
			isa = XCBuildConfiguration;
			buildSettings = {
				GCC_PRECOMPILE_PREFIX_HEADER = YES;
				GCC_PREFIX_HEADER = "ImgProc/ImgProc-Prefix.pch";
				INFOPLIST_FILE = "ImgProc/ImgProc-Info.plist";
				PRODUCT_NAME = "$(TARGET_NAME)";
				WRAPPER_EXTENSION = app;
			};
			name = Release;
		};
/* End XCBuildConfiguration section */

/* Begin XCConfigurationList section */
		1C99998014D8CA9B00451D60 /* Build configuration list for PBXProject "ImgProc" */ = {
			isa = XCConfigurationList;
			buildConfigurations = (
				1C99999C14D8CA9C00451D60 /* Debug */,
				1C99999D14D8CA9C00451D60 /* Release */,
			);
			defaultConfigurationIsVisible = 0;
			defaultConfigurationName = Release;
		};
		1C99999E14D8CA9C00451D60 /* Build configuration list for PBXNativeTarget "ImgProc" */ = {
			isa = XCConfigurationList;
			buildConfigurations = (
				1C99999F14D8CA9C00451D60 /* Debug */,
				1C9999A014D8CA9C00451D60 /* Release */,
			);
			defaultConfigurationIsVisible = 0;
			defaultConfigurationName = Release;
		};
/* End XCConfigurationList section */
	};
	rootObject = 1C99997D14D8CA9B00451D60 /* Project object */;
}
